PODS:
  - AFNetworking (3.0.4):
    - AFNetworking/NSURLSession (= 3.0.4)
    - AFNetworking/Reachability (= 3.0.4)
    - AFNetworking/Security (= 3.0.4)
    - AFNetworking/Serialization (= 3.0.4)
    - AFNetworking/UIKit (= 3.0.4)
  - AFNetworking/NSURLSession (3.0.4):
    - AFNetworking/Reachability
    - AFNetworking/Security
    - AFNetworking/Serialization
  - AFNetworking/Reachability (3.0.4)
  - AFNetworking/Security (3.0.4)
  - AFNetworking/Serialization (3.0.4)
  - AFNetworking/UIKit (3.0.4):
    - AFNetworking/NSURLSession
  - Bolts (1.2.0):
    - Bolts/AppLinks (= 1.2.0)
    - Bolts/Tasks (= 1.2.0)
  - Bolts/AppLinks (1.2.0):
    - Bolts/Tasks
  - Bolts/Tasks (1.2.0)
  - Canvas (0.1.2)
  - Crashlytics (3.7.3):
    - Fabric (~> 1.6.3)
  - Fabric (1.6.7)
  - Facebook-iOS-SDK (3.24.4):
    - Bolts (~> 1.2)
  - FBSDKMessengerShareKit (1.3.2)
  - FormatterKit (1.8.1):
    - FormatterKit/AddressFormatter (= 1.8.1)
    - FormatterKit/ArrayFormatter (= 1.8.1)
    - FormatterKit/ColorFormatter (= 1.8.1)
    - FormatterKit/LocationFormatter (= 1.8.1)
    - FormatterKit/NameFormatter (= 1.8.1)
    - FormatterKit/OrdinalNumberFormatter (= 1.8.1)
    - FormatterKit/Resources (= 1.8.1)
    - FormatterKit/TimeIntervalFormatter (= 1.8.1)
    - FormatterKit/UnitOfInformationFormatter (= 1.8.1)
    - FormatterKit/URLRequestFormatter (= 1.8.1)
  - FormatterKit/AddressFormatter (1.8.1):
    - FormatterKit/Resources
  - FormatterKit/ArrayFormatter (1.8.1):
    - FormatterKit/Resources
  - FormatterKit/ColorFormatter (1.8.1):
    - FormatterKit/Resources
  - FormatterKit/LocationFormatter (1.8.1):
    - FormatterKit/Resources
  - FormatterKit/NameFormatter (1.8.1):
    - FormatterKit/Resources
  - FormatterKit/OrdinalNumberFormatter (1.8.1):
    - FormatterKit/Resources
  - FormatterKit/Resources (1.8.1)
  - FormatterKit/TimeIntervalFormatter (1.8.1):
    - FormatterKit/Resources
  - FormatterKit/UnitOfInformationFormatter (1.8.1):
    - FormatterKit/Resources
  - FormatterKit/URLRequestFormatter (1.8.1):
    - FormatterKit/Resources
  - IQKeyboardManagerSwift (4.0.4)
  - MBProgressHUD (0.9.2)
  - Parse (1.7.5.3):
    - Bolts/Tasks (>= 1.2.0)
  - ParseCrashReporting (1.7.5.3):
    - Bolts/Tasks (>= 1.2.0)
    - Parse (~> 1.7.5.3)
  - ParseFacebookUtils (1.7.5.3):
    - Bolts/Tasks (>= 1.2.0)
    - Facebook-iOS-SDK (~> 3.23)
    - Parse (~> 1.7.5.3)
  - ParseUI (1.1.4):
    - Parse (~> 1.7)
  - Reachability (3.2)
  - SVPullToRefresh (0.4.1)
  - Synchronized (2.0.2)
  - UIImageAFAdditions (0.1)
  - UIImageEffects (0.0.1)

DEPENDENCIES:
  - AFNetworking (~> 3.0.0-beta.1)
  - Bolts (from `https://github.com/kwkhaw/Bolts-iOS.git`)
  - Canvas
  - Crashlytics
  - Fabric
  - FBSDKMessengerShareKit (~> 1.3)
  - FormatterKit (~> 1.8)
  - FormatterKit (~> 1.8.0)
  - IQKeyboardManagerSwift (~> 4.0)
  - MBProgressHUD (~> 0.9.1)
  - Parse (~> 1.7.5)
  - ParseCrashReporting (~> 1.7.5)
  - ParseFacebookUtils (~> 1.7.5)
  - ParseUI (= 1.1.4)
  - Reachability (~> 3.2)
  - SVPullToRefresh (~> 0.4)
  - Synchronized (~> 2.0.0)
  - UIImageAFAdditions (from `https://github.com/teklabs/UIImageAFAdditions.git`)
  - UIImageEffects (~> 0.0.1)

EXTERNAL SOURCES:
  Bolts:
    :git: https://github.com/kwkhaw/Bolts-iOS.git
  UIImageAFAdditions:
    :git: https://github.com/teklabs/UIImageAFAdditions.git

CHECKOUT OPTIONS:
  Bolts:
    :commit: 412f62aa979dff584bb7e7b7685bc95d907fd5ca
    :git: https://github.com/kwkhaw/Bolts-iOS.git
  UIImageAFAdditions:
    :commit: bd07487284ad76e611fcdcd6401ae409a1d9a1fd
    :git: https://github.com/teklabs/UIImageAFAdditions.git

SPEC CHECKSUMS:
  AFNetworking: a0075feb321559dc78d9d85b55d11caa19eabb93
  Bolts: c4173988ebd9d67397a18f7142d1414884d2ac9b
  Canvas: eb861e3b555d032648146c8ffda1a5dea40059ca
  Crashlytics: 76f6beaff70acf226139582c09c78461597c2b98
  Fabric: caf7580c725e64db144f610ac65cd60956911dc7
  Facebook-iOS-SDK: 5a7c414a084708220b72d5fd016f2cf3eb6deda4
  FBSDKMessengerShareKit: 41c0b1a667d685c9433f993eb9611b3d5074e1cb
  FormatterKit: 11ad17b983200629246a5a466f6f1bfa2df823cb
  IQKeyboardManagerSwift: e0964d04d6a29b71016fd346dca13ecb80a2823a
  MBProgressHUD: 1569cf7ace17a8bac47aabfbb8580a49690386d1
  Parse: 373adbb1ad2e34d383542c3b28f678c49ebe4881
  ParseCrashReporting: 36d2e2770d7502d943b81c013acd5193946ced46
  ParseFacebookUtils: 008a24dc35884519ed6a6750648beb5149f1fad9
  ParseUI: d1228541b02a36a7354c8f47747f5f7a89cf1ff0
  Reachability: 33e18b67625424e47b6cde6d202dce689ad7af96
  SVPullToRefresh: ba2e718695a43253d8bea6852d2960097dc15d8c
  Synchronized: edaeea246a887b188919876723b0d447314ad11d
  UIImageAFAdditions: bdb543889f97aea5cc9a8d0c985c03bb8b4ceb96
  UIImageEffects: 37b99fa461e4965f332ca82e92f2c22a1075ee84

PODFILE CHECKSUM: f631d61867858cf080a7e3e45f74560086fc437c

COCOAPODS: 1.0.1
