// !$*UTF8*$!
{
	archiveVersion = 1;
	classes = {
	};
	objectVersion = 46;
	objects = {

/* Begin PBXBuildFile section */
		2306C52F1D6845D2003505E8 /* SevenViewController.swift in Sources */ = {isa = PBXBuildFile; fileRef = 2306C52E1D6845D2003505E8 /* SevenViewController.swift */; };
		23091BBC1D8D3AA20047C56F /* send-message.html in Resources */ = {isa = PBXBuildFile; fileRef = 23091BBB1D8D3AA20047C56F /* send-message.html */; };
		230EB4401D8A70F3000A54A7 /* StartViewController.swift in Sources */ = {isa = PBXBuildFile; fileRef = 230EB43F1D8A70F3000A54A7 /* StartViewController.swift */; };
		230EB4421D8A7130000A54A7 /* Tutorial.storyboard in Resources */ = {isa = PBXBuildFile; fileRef = 230EB4411D8A7130000A54A7 /* Tutorial.storyboard */; };
		230EB4441D8A715C000A54A7 /* ViewController.swift in Sources */ = {isa = PBXBuildFile; fileRef = 230EB4431D8A715C000A54A7 /* ViewController.swift */; };
		230EB45B1D8A72FC000A54A7 /* TweenControllerTests.swift in Sources */ = {isa = PBXBuildFile; fileRef = 230EB45A1D8A72FC000A54A7 /* TweenControllerTests.swift */; };
		230EB4731D8A9BE4000A54A7 /* TutorialBuilder.swift in Sources */ = {isa = PBXBuildFile; fileRef = 230EB4721D8A9BE4000A54A7 /* TutorialBuilder.swift */; };
		23357DAB1D7F7F2B007A29C2 /* Default-568h@2x.png in Resources */ = {isa = PBXBuildFile; fileRef = 23357DA61D7F7F2B007A29C2 /* Default-568h@2x.png */; };
		23357DAC1D7F7F2B007A29C2 /* Default-568h@2x.png in Resources */ = {isa = PBXBuildFile; fileRef = 23357DA61D7F7F2B007A29C2 /* Default-568h@2x.png */; };
		23357DAD1D7F7F2B007A29C2 /* Default-568h@2x.png in Resources */ = {isa = PBXBuildFile; fileRef = 23357DA61D7F7F2B007A29C2 /* Default-568h@2x.png */; };
		23357DB11D7F7F2B007A29C2 /* Default-iPhone6Plus.png in Resources */ = {isa = PBXBuildFile; fileRef = 23357DA81D7F7F2B007A29C2 /* Default-iPhone6Plus.png */; };
		23357DB21D7F7F2B007A29C2 /* Default-iPhone6Plus.png in Resources */ = {isa = PBXBuildFile; fileRef = 23357DA81D7F7F2B007A29C2 /* Default-iPhone6Plus.png */; };
		23357DB31D7F7F2B007A29C2 /* Default-iPhone6Plus.png in Resources */ = {isa = PBXBuildFile; fileRef = 23357DA81D7F7F2B007A29C2 /* Default-iPhone6Plus.png */; };
		23357DB41D7F7F2B007A29C2 /* Default.png in Resources */ = {isa = PBXBuildFile; fileRef = 23357DA91D7F7F2B007A29C2 /* Default.png */; };
		23357DB51D7F7F2B007A29C2 /* Default.png in Resources */ = {isa = PBXBuildFile; fileRef = 23357DA91D7F7F2B007A29C2 /* Default.png */; };
		23357DB61D7F7F2B007A29C2 /* Default.png in Resources */ = {isa = PBXBuildFile; fileRef = 23357DA91D7F7F2B007A29C2 /* Default.png */; };
		235E621D1D5AB6EA00E7B099 /* AppDelegate.swift in Sources */ = {isa = PBXBuildFile; fileRef = 235E621C1D5AB6EA00E7B099 /* AppDelegate.swift */; };
		235E62221D5AB6EA00E7B099 /* Main.storyboard in Resources */ = {isa = PBXBuildFile; fileRef = 235E62201D5AB6EA00E7B099 /* Main.storyboard */; };
		235E62241D5AB6EA00E7B099 /* Assets.xcassets in Resources */ = {isa = PBXBuildFile; fileRef = 235E62231D5AB6EA00E7B099 /* Assets.xcassets */; };
		235E62271D5AB6EA00E7B099 /* LaunchScreen.storyboard in Resources */ = {isa = PBXBuildFile; fileRef = 235E62251D5AB6EA00E7B099 /* LaunchScreen.storyboard */; };
		235E62321D5AB6EA00E7B099 /* KenkoTests.swift in Sources */ = {isa = PBXBuildFile; fileRef = 235E62311D5AB6EA00E7B099 /* KenkoTests.swift */; };
		235E623D1D5AB6EA00E7B099 /* KenkoUITests.swift in Sources */ = {isa = PBXBuildFile; fileRef = 235E623C1D5AB6EA00E7B099 /* KenkoUITests.swift */; };
		235E626D1D5AC50C00E7B099 /* PAPCache.swift in Sources */ = {isa = PBXBuildFile; fileRef = 235E62691D5AC50C00E7B099 /* PAPCache.swift */; };
		235E626E1D5AC50C00E7B099 /* PAPCache.swift in Sources */ = {isa = PBXBuildFile; fileRef = 235E62691D5AC50C00E7B099 /* PAPCache.swift */; };
		235E626F1D5AC50C00E7B099 /* PAPCache.swift in Sources */ = {isa = PBXBuildFile; fileRef = 235E62691D5AC50C00E7B099 /* PAPCache.swift */; };
		235E62701D5AC50C00E7B099 /* PAPConstants.swift in Sources */ = {isa = PBXBuildFile; fileRef = 235E626A1D5AC50C00E7B099 /* PAPConstants.swift */; };
		235E62711D5AC50C00E7B099 /* PAPConstants.swift in Sources */ = {isa = PBXBuildFile; fileRef = 235E626A1D5AC50C00E7B099 /* PAPConstants.swift */; };
		235E62721D5AC50C00E7B099 /* PAPConstants.swift in Sources */ = {isa = PBXBuildFile; fileRef = 235E626A1D5AC50C00E7B099 /* PAPConstants.swift */; };
		235E62731D5AC50C00E7B099 /* PAPUtility.swift in Sources */ = {isa = PBXBuildFile; fileRef = 235E626B1D5AC50C00E7B099 /* PAPUtility.swift */; };
		235E62741D5AC50C00E7B099 /* PAPUtility.swift in Sources */ = {isa = PBXBuildFile; fileRef = 235E626B1D5AC50C00E7B099 /* PAPUtility.swift */; };
		235E62751D5AC50C00E7B099 /* PAPUtility.swift in Sources */ = {isa = PBXBuildFile; fileRef = 235E626B1D5AC50C00E7B099 /* PAPUtility.swift */; };
		235E62761D5AC50C00E7B099 /* Reachability.swift in Sources */ = {isa = PBXBuildFile; fileRef = 235E626C1D5AC50C00E7B099 /* Reachability.swift */; };
		235E62771D5AC50C00E7B099 /* Reachability.swift in Sources */ = {isa = PBXBuildFile; fileRef = 235E626C1D5AC50C00E7B099 /* Reachability.swift */; };
		235E62781D5AC50C00E7B099 /* Reachability.swift in Sources */ = {isa = PBXBuildFile; fileRef = 235E626C1D5AC50C00E7B099 /* Reachability.swift */; };
		235E627D1D5ADE7300E7B099 /* FNAssets.xcassets in Resources */ = {isa = PBXBuildFile; fileRef = 235E627A1D5ADE7300E7B099 /* FNAssets.xcassets */; };
		235E627E1D5ADE7300E7B099 /* FNAssets.xcassets in Resources */ = {isa = PBXBuildFile; fileRef = 235E627A1D5ADE7300E7B099 /* FNAssets.xcassets */; };
		235E627F1D5ADE7300E7B099 /* FNAssets.xcassets in Resources */ = {isa = PBXBuildFile; fileRef = 235E627A1D5ADE7300E7B099 /* FNAssets.xcassets */; };
		235E62801D5ADE7300E7B099 /* FNFoldingTabBar.swift in Sources */ = {isa = PBXBuildFile; fileRef = 235E627B1D5ADE7300E7B099 /* FNFoldingTabBar.swift */; };
		235E62811D5ADE7300E7B099 /* FNFoldingTabBar.swift in Sources */ = {isa = PBXBuildFile; fileRef = 235E627B1D5ADE7300E7B099 /* FNFoldingTabBar.swift */; };
		235E62821D5ADE7300E7B099 /* FNFoldingTabBar.swift in Sources */ = {isa = PBXBuildFile; fileRef = 235E627B1D5ADE7300E7B099 /* FNFoldingTabBar.swift */; };
		235E62831D5ADE7300E7B099 /* FNFoldingTabBarController.swift in Sources */ = {isa = PBXBuildFile; fileRef = 235E627C1D5ADE7300E7B099 /* FNFoldingTabBarController.swift */; };
		235E62841D5ADE7300E7B099 /* FNFoldingTabBarController.swift in Sources */ = {isa = PBXBuildFile; fileRef = 235E627C1D5ADE7300E7B099 /* FNFoldingTabBarController.swift */; };
		235E62851D5ADE7300E7B099 /* FNFoldingTabBarController.swift in Sources */ = {isa = PBXBuildFile; fileRef = 235E627C1D5ADE7300E7B099 /* FNFoldingTabBarController.swift */; };
		235E628B1D5AE49700E7B099 /* PostBlogViewController.swift in Sources */ = {isa = PBXBuildFile; fileRef = 235E628A1D5AE49700E7B099 /* PostBlogViewController.swift */; };
		235E628C1D5AE49700E7B099 /* PostBlogViewController.swift in Sources */ = {isa = PBXBuildFile; fileRef = 235E628A1D5AE49700E7B099 /* PostBlogViewController.swift */; };
		235E628D1D5AE49700E7B099 /* PostBlogViewController.swift in Sources */ = {isa = PBXBuildFile; fileRef = 235E628A1D5AE49700E7B099 /* PostBlogViewController.swift */; };
		235E628F1D5AE4C300E7B099 /* TimeLineViewController.swift in Sources */ = {isa = PBXBuildFile; fileRef = 235E628E1D5AE4C300E7B099 /* TimeLineViewController.swift */; };
		235E62901D5AE4C300E7B099 /* TimeLineViewController.swift in Sources */ = {isa = PBXBuildFile; fileRef = 235E628E1D5AE4C300E7B099 /* TimeLineViewController.swift */; };
		235E62911D5AE4C300E7B099 /* TimeLineViewController.swift in Sources */ = {isa = PBXBuildFile; fileRef = 235E628E1D5AE4C300E7B099 /* TimeLineViewController.swift */; };
		235E629B1D5AE51800E7B099 /* ChatViewController.swift in Sources */ = {isa = PBXBuildFile; fileRef = 235E629A1D5AE51800E7B099 /* ChatViewController.swift */; };
		235E629C1D5AE51800E7B099 /* ChatViewController.swift in Sources */ = {isa = PBXBuildFile; fileRef = 235E629A1D5AE51800E7B099 /* ChatViewController.swift */; };
		235E629D1D5AE51800E7B099 /* ChatViewController.swift in Sources */ = {isa = PBXBuildFile; fileRef = 235E629A1D5AE51800E7B099 /* ChatViewController.swift */; };
		235E62A01D5AE8AA00E7B099 /* TimelineCell.swift in Sources */ = {isa = PBXBuildFile; fileRef = 235E629F1D5AE8AA00E7B099 /* TimelineCell.swift */; };
		235E62A11D5AE8AA00E7B099 /* TimelineCell.swift in Sources */ = {isa = PBXBuildFile; fileRef = 235E629F1D5AE8AA00E7B099 /* TimelineCell.swift */; };
		235E62A21D5AE8AA00E7B099 /* TimelineCell.swift in Sources */ = {isa = PBXBuildFile; fileRef = 235E629F1D5AE8AA00E7B099 /* TimelineCell.swift */; };
		235E62A41D5AE96200E7B099 /* MegaTheme.swift in Sources */ = {isa = PBXBuildFile; fileRef = 235E62A31D5AE96200E7B099 /* MegaTheme.swift */; };
		235E62A51D5AE96200E7B099 /* MegaTheme.swift in Sources */ = {isa = PBXBuildFile; fileRef = 235E62A31D5AE96200E7B099 /* MegaTheme.swift */; };
		235E62A61D5AE96200E7B099 /* MegaTheme.swift in Sources */ = {isa = PBXBuildFile; fileRef = 235E62A31D5AE96200E7B099 /* MegaTheme.swift */; };
		235E62A81D5B109000E7B099 /* TimeLineCustomCell.swift in Sources */ = {isa = PBXBuildFile; fileRef = 235E62A71D5B109000E7B099 /* TimeLineCustomCell.swift */; };
		235E62A91D5B109000E7B099 /* TimeLineCustomCell.swift in Sources */ = {isa = PBXBuildFile; fileRef = 235E62A71D5B109000E7B099 /* TimeLineCustomCell.swift */; };
		235E62AA1D5B109000E7B099 /* TimeLineCustomCell.swift in Sources */ = {isa = PBXBuildFile; fileRef = 235E62A71D5B109000E7B099 /* TimeLineCustomCell.swift */; };
		2367B7481D67FB9D00185B5C /* Profile.storyboard in Resources */ = {isa = PBXBuildFile; fileRef = 2367B7471D67FB9D00185B5C /* Profile.storyboard */; };
		2367B74A1D68039000185B5C /* Money.storyboard in Resources */ = {isa = PBXBuildFile; fileRef = 2367B7491D68039000185B5C /* Money.storyboard */; };
		2367B74D1D680E3700185B5C /* HowMuchMoneyYouWantViewController.swift in Sources */ = {isa = PBXBuildFile; fileRef = 2367B74C1D680E3700185B5C /* HowMuchMoneyYouWantViewController.swift */; };
		2367B7531D681DCF00185B5C /* WhyViewController.swift in Sources */ = {isa = PBXBuildFile; fileRef = 2367B7521D681DCF00185B5C /* WhyViewController.swift */; };
		2367B7541D681EA600185B5C /* WhyViewController.swift in Sources */ = {isa = PBXBuildFile; fileRef = 2367B7521D681DCF00185B5C /* WhyViewController.swift */; };
		2367B7551D681EA600185B5C /* WhyViewController.swift in Sources */ = {isa = PBXBuildFile; fileRef = 2367B7521D681DCF00185B5C /* WhyViewController.swift */; };
		238E9EC41D5C09D2003FC76C /* FBSDKMessengerShareKit.framework in Frameworks */ = {isa = PBXBuildFile; fileRef = 238E9DC61D5C09D1003FC76C /* FBSDKMessengerShareKit.framework */; };
		238E9EC61D5C09D2003FC76C /* LICENSE.txt in Resources */ = {isa = PBXBuildFile; fileRef = 238E9DC81D5C09D1003FC76C /* LICENSE.txt */; };
		238E9EC71D5C09D2003FC76C /* README.txt in Resources */ = {isa = PBXBuildFile; fileRef = 238E9DC91D5C09D1003FC76C /* README.txt */; };
		23B218931D5F6DCC00F6C52D /* WriteTableViewController.swift in Sources */ = {isa = PBXBuildFile; fileRef = 23B218921D5F6DCC00F6C52D /* WriteTableViewController.swift */; };
		23B4B76E1D613405006F99D5 /* WriteTitleViewController.swift in Sources */ = {isa = PBXBuildFile; fileRef = 23B4B76D1D613405006F99D5 /* WriteTitleViewController.swift */; };
		23B4B7701D613413006F99D5 /* WriteDetailViewController.swift in Sources */ = {isa = PBXBuildFile; fileRef = 23B4B76F1D613413006F99D5 /* WriteDetailViewController.swift */; };
		23B4B7721D622B10006F99D5 /* ArticleViewController.swift in Sources */ = {isa = PBXBuildFile; fileRef = 23B4B7711D622B10006F99D5 /* ArticleViewController.swift */; };
		23B4B7731D622B10006F99D5 /* ArticleViewController.swift in Sources */ = {isa = PBXBuildFile; fileRef = 23B4B7711D622B10006F99D5 /* ArticleViewController.swift */; };
		23B4B7741D622B10006F99D5 /* ArticleViewController.swift in Sources */ = {isa = PBXBuildFile; fileRef = 23B4B7711D622B10006F99D5 /* ArticleViewController.swift */; };
		23D734A01D8CDA21000FC54E /* MyAPIClient.swift in Sources */ = {isa = PBXBuildFile; fileRef = 23D734991D8CDA21000FC54E /* MyAPIClient.swift */; };
		23D734A11D8CDA21000FC54E /* SettingsViewController.swift in Sources */ = {isa = PBXBuildFile; fileRef = 23D7349A1D8CDA21000FC54E /* SettingsViewController.swift */; };
		23D734A21D8CDA21000FC54E /* CheckoutViewController.swift in Sources */ = {isa = PBXBuildFile; fileRef = 23D7349B1D8CDA21000FC54E /* CheckoutViewController.swift */; };
		23D734A31D8CDA21000FC54E /* BrowseProductsViewController.swift in Sources */ = {isa = PBXBuildFile; fileRef = 23D7349C1D8CDA21000FC54E /* BrowseProductsViewController.swift */; };
		23D734A41D8CDA21000FC54E /* Networking.swift in Sources */ = {isa = PBXBuildFile; fileRef = 23D7349D1D8CDA21000FC54E /* Networking.swift */; };
		23D734A51D8CDA21000FC54E /* CheckoutRowView.swift in Sources */ = {isa = PBXBuildFile; fileRef = 23D7349E1D8CDA21000FC54E /* CheckoutRowView.swift */; };
		23D734A61D8CDA21000FC54E /* Buttons.swift in Sources */ = {isa = PBXBuildFile; fileRef = 23D7349F1D8CDA21000FC54E /* Buttons.swift */; };
		23D734AA1D8CE392000FC54E /* SpanTableViewController.m in Sources */ = {isa = PBXBuildFile; fileRef = 23D734A91D8CE392000FC54E /* SpanTableViewController.m */; };
		23FE70B41D8D9EE000E32DCD /* DetailViewController.m in Sources */ = {isa = PBXBuildFile; fileRef = 23FE70B11D8D9EE000E32DCD /* DetailViewController.m */; };
		23FE70B51D8D9EE000E32DCD /* Application.m in Sources */ = {isa = PBXBuildFile; fileRef = 23FE70B31D8D9EE000E32DCD /* Application.m */; };
		23FE70B81D8D9EF300E32DCD /* UIColor+Hexadecimal.m in Sources */ = {isa = PBXBuildFile; fileRef = 23FE70B71D8D9EF300E32DCD /* UIColor+Hexadecimal.m */; };
		23FE70BA1D8D9EFB00E32DCD /* applications.json in Resources */ = {isa = PBXBuildFile; fileRef = 23FE70B91D8D9EFB00E32DCD /* applications.json */; };
		23FE70BD1D8D9F7200E32DCD /* UIScrollView+EmptyDataSet.m in Sources */ = {isa = PBXBuildFile; fileRef = 23FE70BC1D8D9F7200E32DCD /* UIScrollView+EmptyDataSet.m */; };
		23FE70C01D8E10AA00E32DCD /* PAPLoadMoreCell.m in Sources */ = {isa = PBXBuildFile; fileRef = 23FE70BF1D8E10AA00E32DCD /* PAPLoadMoreCell.m */; };
		7167E7C91D6C48560042FECB /* ApiManager.swift in Sources */ = {isa = PBXBuildFile; fileRef = 7167E7C81D6C48560042FECB /* ApiManager.swift */; };
		7167E7CA1D6C48560042FECB /* ApiManager.swift in Sources */ = {isa = PBXBuildFile; fileRef = 7167E7C81D6C48560042FECB /* ApiManager.swift */; };
		7167E7CB1D6C48560042FECB /* ApiManager.swift in Sources */ = {isa = PBXBuildFile; fileRef = 7167E7C81D6C48560042FECB /* ApiManager.swift */; };
		71F9B1861D6CAFA1004C0772 /* ApiOperation.swift in Sources */ = {isa = PBXBuildFile; fileRef = 71F9B1851D6CAFA1004C0772 /* ApiOperation.swift */; };
		71F9B1911D6F16DE004C0772 /* AccountViewController.swift in Sources */ = {isa = PBXBuildFile; fileRef = 71F9B1901D6F16DE004C0772 /* AccountViewController.swift */; };
		71F9B1921D6F16DE004C0772 /* AccountViewController.swift in Sources */ = {isa = PBXBuildFile; fileRef = 71F9B1901D6F16DE004C0772 /* AccountViewController.swift */; };
		71F9B1931D6F16DE004C0772 /* AccountViewController.swift in Sources */ = {isa = PBXBuildFile; fileRef = 71F9B1901D6F16DE004C0772 /* AccountViewController.swift */; };
		782149526133078CD504974C /* libPods-KenkoTests.a in Frameworks */ = {isa = PBXBuildFile; fileRef = 1FF2997B3FC27D6B411C1BE4 /* libPods-KenkoTests.a */; };
		80F6DCAEB10BD30B1CA2D37E /* libPods-KenkoUITests.a in Frameworks */ = {isa = PBXBuildFile; fileRef = 909C1642BBA72575481ECE1B /* libPods-KenkoUITests.a */; };
		A26D6BB3CFFF3F9399557894 /* Pods_Kenko.framework in Frameworks */ = {isa = PBXBuildFile; fileRef = 113CEE79EAF694CA95EEED01 /* Pods_Kenko.framework */; };
/* End PBXBuildFile section */

/* Begin PBXContainerItemProxy section */
		230EB4571D8A72FC000A54A7 /* PBXContainerItemProxy */ = {
			isa = PBXContainerItemProxy;
			containerPortal = 235E62111D5AB6EA00E7B099 /* Project object */;
			proxyType = 1;
			remoteGlobalIDString = 235E62181D5AB6EA00E7B099;
			remoteInfo = Kenko;
		};
		235E622E1D5AB6EA00E7B099 /* PBXContainerItemProxy */ = {
			isa = PBXContainerItemProxy;
			containerPortal = 235E62111D5AB6EA00E7B099 /* Project object */;
			proxyType = 1;
			remoteGlobalIDString = 235E62181D5AB6EA00E7B099;
			remoteInfo = Kenko;
		};
		235E62391D5AB6EA00E7B099 /* PBXContainerItemProxy */ = {
			isa = PBXContainerItemProxy;
			containerPortal = 235E62111D5AB6EA00E7B099 /* Project object */;
			proxyType = 1;
			remoteGlobalIDString = 235E62181D5AB6EA00E7B099;
			remoteInfo = Kenko;
		};
/* End PBXContainerItemProxy section */

/* Begin PBXCopyFilesBuildPhase section */
		230EB4641D8A72FD000A54A7 /* Embed Frameworks */ = {
			isa = PBXCopyFilesBuildPhase;
			buildActionMask = 2147483647;
			dstPath = "";
			dstSubfolderSpec = 10;
			files = (
			);
			name = "Embed Frameworks";
			runOnlyForDeploymentPostprocessing = 0;
		};
/* End PBXCopyFilesBuildPhase section */

/* Begin PBXFileReference section */
		113CEE79EAF694CA95EEED01 /* Pods_Kenko.framework */ = {isa = PBXFileReference; explicitFileType = wrapper.framework; includeInIndex = 0; path = Pods_Kenko.framework; sourceTree = BUILT_PRODUCTS_DIR; };
		1FF2997B3FC27D6B411C1BE4 /* libPods-KenkoTests.a */ = {isa = PBXFileReference; explicitFileType = archive.ar; includeInIndex = 0; path = "libPods-KenkoTests.a"; sourceTree = BUILT_PRODUCTS_DIR; };
		2306C52E1D6845D2003505E8 /* SevenViewController.swift */ = {isa = PBXFileReference; fileEncoding = 4; lastKnownFileType = sourcecode.swift; path = SevenViewController.swift; sourceTree = "<group>"; };
		23091BBB1D8D3AA20047C56F /* send-message.html */ = {isa = PBXFileReference; fileEncoding = 4; lastKnownFileType = text.html; path = "send-message.html"; sourceTree = "<group>"; };
		230EB43F1D8A70F3000A54A7 /* StartViewController.swift */ = {isa = PBXFileReference; fileEncoding = 4; lastKnownFileType = sourcecode.swift; path = StartViewController.swift; sourceTree = "<group>"; };
		230EB4411D8A7130000A54A7 /* Tutorial.storyboard */ = {isa = PBXFileReference; fileEncoding = 4; lastKnownFileType = file.storyboard; path = Tutorial.storyboard; sourceTree = "<group>"; };
		230EB4431D8A715C000A54A7 /* ViewController.swift */ = {isa = PBXFileReference; fileEncoding = 4; lastKnownFileType = sourcecode.swift; path = ViewController.swift; sourceTree = "<group>"; };
		230EB44C1D8A72FC000A54A7 /* TweenController.h */ = {isa = PBXFileReference; lastKnownFileType = sourcecode.c.h; path = TweenController.h; sourceTree = "<group>"; };
		230EB44E1D8A72FC000A54A7 /* Info.plist */ = {isa = PBXFileReference; lastKnownFileType = text.plist.xml; path = Info.plist; sourceTree = "<group>"; };
		230EB4531D8A72FC000A54A7 /* TweenControllerTests.xctest */ = {isa = PBXFileReference; explicitFileType = wrapper.cfbundle; includeInIndex = 0; path = TweenControllerTests.xctest; sourceTree = BUILT_PRODUCTS_DIR; };
		230EB45A1D8A72FC000A54A7 /* TweenControllerTests.swift */ = {isa = PBXFileReference; lastKnownFileType = sourcecode.swift; path = TweenControllerTests.swift; sourceTree = "<group>"; };
		230EB45C1D8A72FC000A54A7 /* Info.plist */ = {isa = PBXFileReference; lastKnownFileType = text.plist.xml; path = Info.plist; sourceTree = "<group>"; };
		230EB4721D8A9BE4000A54A7 /* TutorialBuilder.swift */ = {isa = PBXFileReference; fileEncoding = 4; lastKnownFileType = sourcecode.swift; path = TutorialBuilder.swift; sourceTree = "<group>"; };
		23357DA61D7F7F2B007A29C2 /* Default-568h@2x.png */ = {isa = PBXFileReference; lastKnownFileType = image.png; path = "Default-568h@2x.png"; sourceTree = "<group>"; };
		23357DA81D7F7F2B007A29C2 /* Default-iPhone6Plus.png */ = {isa = PBXFileReference; lastKnownFileType = image.png; path = "Default-iPhone6Plus.png"; sourceTree = "<group>"; };
		23357DA91D7F7F2B007A29C2 /* Default.png */ = {isa = PBXFileReference; lastKnownFileType = image.png; path = Default.png; sourceTree = "<group>"; };
		235E62191D5AB6EA00E7B099 /* Kenko.app */ = {isa = PBXFileReference; explicitFileType = wrapper.application; includeInIndex = 0; path = Kenko.app; sourceTree = BUILT_PRODUCTS_DIR; };
		235E621C1D5AB6EA00E7B099 /* AppDelegate.swift */ = {isa = PBXFileReference; lastKnownFileType = sourcecode.swift; path = AppDelegate.swift; sourceTree = "<group>"; };
		235E62211D5AB6EA00E7B099 /* Base */ = {isa = PBXFileReference; lastKnownFileType = file.storyboard; name = Base; path = Base.lproj/Main.storyboard; sourceTree = "<group>"; };
		235E62231D5AB6EA00E7B099 /* Assets.xcassets */ = {isa = PBXFileReference; lastKnownFileType = folder.assetcatalog; path = Assets.xcassets; sourceTree = "<group>"; };
		235E62261D5AB6EA00E7B099 /* Base */ = {isa = PBXFileReference; lastKnownFileType = file.storyboard; name = Base; path = Base.lproj/LaunchScreen.storyboard; sourceTree = "<group>"; };
		235E62281D5AB6EA00E7B099 /* Info.plist */ = {isa = PBXFileReference; lastKnownFileType = text.plist.xml; path = Info.plist; sourceTree = "<group>"; };
		235E622D1D5AB6EA00E7B099 /* KenkoTests.xctest */ = {isa = PBXFileReference; explicitFileType = wrapper.cfbundle; includeInIndex = 0; path = KenkoTests.xctest; sourceTree = BUILT_PRODUCTS_DIR; };
		235E62311D5AB6EA00E7B099 /* KenkoTests.swift */ = {isa = PBXFileReference; lastKnownFileType = sourcecode.swift; path = KenkoTests.swift; sourceTree = "<group>"; };
		235E62331D5AB6EA00E7B099 /* Info.plist */ = {isa = PBXFileReference; lastKnownFileType = text.plist.xml; path = Info.plist; sourceTree = "<group>"; };
		235E62381D5AB6EA00E7B099 /* KenkoUITests.xctest */ = {isa = PBXFileReference; explicitFileType = wrapper.cfbundle; includeInIndex = 0; path = KenkoUITests.xctest; sourceTree = BUILT_PRODUCTS_DIR; };
		235E623C1D5AB6EA00E7B099 /* KenkoUITests.swift */ = {isa = PBXFileReference; lastKnownFileType = sourcecode.swift; path = KenkoUITests.swift; sourceTree = "<group>"; };
		235E623E1D5AB6EA00E7B099 /* Info.plist */ = {isa = PBXFileReference; lastKnownFileType = text.plist.xml; path = Info.plist; sourceTree = "<group>"; };
		235E625C1D5AC0E000E7B099 /* Kenko-Bridging-Header.h */ = {isa = PBXFileReference; lastKnownFileType = sourcecode.c.h; path = "Kenko-Bridging-Header.h"; sourceTree = "<group>"; };
		235E625D1D5AC0E100E7B099 /* KenkoTests-Bridging-Header.h */ = {isa = PBXFileReference; lastKnownFileType = sourcecode.c.h; path = "KenkoTests-Bridging-Header.h"; sourceTree = "<group>"; };
		235E625E1D5AC0E200E7B099 /* KenkoUITests-Bridging-Header.h */ = {isa = PBXFileReference; lastKnownFileType = sourcecode.c.h; path = "KenkoUITests-Bridging-Header.h"; sourceTree = "<group>"; };
		235E62691D5AC50C00E7B099 /* PAPCache.swift */ = {isa = PBXFileReference; fileEncoding = 4; lastKnownFileType = sourcecode.swift; path = PAPCache.swift; sourceTree = "<group>"; };
		235E626A1D5AC50C00E7B099 /* PAPConstants.swift */ = {isa = PBXFileReference; fileEncoding = 4; lastKnownFileType = sourcecode.swift; path = PAPConstants.swift; sourceTree = "<group>"; };
		235E626B1D5AC50C00E7B099 /* PAPUtility.swift */ = {isa = PBXFileReference; fileEncoding = 4; lastKnownFileType = sourcecode.swift; path = PAPUtility.swift; sourceTree = "<group>"; };
		235E626C1D5AC50C00E7B099 /* Reachability.swift */ = {isa = PBXFileReference; fileEncoding = 4; lastKnownFileType = sourcecode.swift; path = Reachability.swift; sourceTree = "<group>"; };
		235E627A1D5ADE7300E7B099 /* FNAssets.xcassets */ = {isa = PBXFileReference; lastKnownFileType = folder.assetcatalog; path = FNAssets.xcassets; sourceTree = "<group>"; };
		235E627B1D5ADE7300E7B099 /* FNFoldingTabBar.swift */ = {isa = PBXFileReference; fileEncoding = 4; lastKnownFileType = sourcecode.swift; path = FNFoldingTabBar.swift; sourceTree = "<group>"; };
		235E627C1D5ADE7300E7B099 /* FNFoldingTabBarController.swift */ = {isa = PBXFileReference; fileEncoding = 4; lastKnownFileType = sourcecode.swift; path = FNFoldingTabBarController.swift; sourceTree = "<group>"; };
		235E628A1D5AE49700E7B099 /* PostBlogViewController.swift */ = {isa = PBXFileReference; fileEncoding = 4; lastKnownFileType = sourcecode.swift; path = PostBlogViewController.swift; sourceTree = "<group>"; };
		235E628E1D5AE4C300E7B099 /* TimeLineViewController.swift */ = {isa = PBXFileReference; fileEncoding = 4; lastKnownFileType = sourcecode.swift; path = TimeLineViewController.swift; sourceTree = "<group>"; };
		235E629A1D5AE51800E7B099 /* ChatViewController.swift */ = {isa = PBXFileReference; fileEncoding = 4; lastKnownFileType = sourcecode.swift; path = ChatViewController.swift; sourceTree = "<group>"; };
		235E629F1D5AE8AA00E7B099 /* TimelineCell.swift */ = {isa = PBXFileReference; fileEncoding = 4; lastKnownFileType = sourcecode.swift; path = TimelineCell.swift; sourceTree = "<group>"; };
		235E62A31D5AE96200E7B099 /* MegaTheme.swift */ = {isa = PBXFileReference; fileEncoding = 4; lastKnownFileType = sourcecode.swift; path = MegaTheme.swift; sourceTree = "<group>"; };
		235E62A71D5B109000E7B099 /* TimeLineCustomCell.swift */ = {isa = PBXFileReference; fileEncoding = 4; lastKnownFileType = sourcecode.swift; path = TimeLineCustomCell.swift; sourceTree = "<group>"; };
		2367B7471D67FB9D00185B5C /* Profile.storyboard */ = {isa = PBXFileReference; fileEncoding = 4; lastKnownFileType = file.storyboard; path = Profile.storyboard; sourceTree = "<group>"; };
		2367B7491D68039000185B5C /* Money.storyboard */ = {isa = PBXFileReference; fileEncoding = 4; lastKnownFileType = file.storyboard; path = Money.storyboard; sourceTree = "<group>"; };
		2367B74C1D680E3700185B5C /* HowMuchMoneyYouWantViewController.swift */ = {isa = PBXFileReference; fileEncoding = 4; lastKnownFileType = sourcecode.swift; path = HowMuchMoneyYouWantViewController.swift; sourceTree = "<group>"; };
		2367B7521D681DCF00185B5C /* WhyViewController.swift */ = {isa = PBXFileReference; fileEncoding = 4; lastKnownFileType = sourcecode.swift; path = WhyViewController.swift; sourceTree = "<group>"; };
		236D2F5C1D8A3B63002D756A /* ParseUI.framework */ = {isa = PBXFileReference; lastKnownFileType = wrapper.framework; name = ParseUI.framework; path = "../../Library/Developer/Xcode/DerivedData/Kenko-aldtbkywhsjarhbmehnmzelvpglo/Build/Products/Debug-iphoneos/ParseUI/ParseUI.framework"; sourceTree = "<group>"; };
		238E9DC61D5C09D1003FC76C /* FBSDKMessengerShareKit.framework */ = {isa = PBXFileReference; lastKnownFileType = wrapper.framework; path = FBSDKMessengerShareKit.framework; sourceTree = "<group>"; };
		238E9DC81D5C09D1003FC76C /* LICENSE.txt */ = {isa = PBXFileReference; fileEncoding = 4; lastKnownFileType = text; path = LICENSE.txt; sourceTree = "<group>"; };
		238E9DC91D5C09D1003FC76C /* README.txt */ = {isa = PBXFileReference; fileEncoding = 4; lastKnownFileType = text; path = README.txt; sourceTree = "<group>"; };
		23B218921D5F6DCC00F6C52D /* WriteTableViewController.swift */ = {isa = PBXFileReference; fileEncoding = 4; lastKnownFileType = sourcecode.swift; path = WriteTableViewController.swift; sourceTree = "<group>"; };
		23B4B76D1D613405006F99D5 /* WriteTitleViewController.swift */ = {isa = PBXFileReference; fileEncoding = 4; lastKnownFileType = sourcecode.swift; path = WriteTitleViewController.swift; sourceTree = "<group>"; };
		23B4B76F1D613413006F99D5 /* WriteDetailViewController.swift */ = {isa = PBXFileReference; fileEncoding = 4; lastKnownFileType = sourcecode.swift; path = WriteDetailViewController.swift; sourceTree = "<group>"; };
		23B4B7711D622B10006F99D5 /* ArticleViewController.swift */ = {isa = PBXFileReference; fileEncoding = 4; lastKnownFileType = sourcecode.swift; path = ArticleViewController.swift; sourceTree = "<group>"; };
		23D734991D8CDA21000FC54E /* MyAPIClient.swift */ = {isa = PBXFileReference; fileEncoding = 4; lastKnownFileType = sourcecode.swift; path = MyAPIClient.swift; sourceTree = "<group>"; };
		23D7349A1D8CDA21000FC54E /* SettingsViewController.swift */ = {isa = PBXFileReference; fileEncoding = 4; lastKnownFileType = sourcecode.swift; path = SettingsViewController.swift; sourceTree = "<group>"; };
		23D7349B1D8CDA21000FC54E /* CheckoutViewController.swift */ = {isa = PBXFileReference; fileEncoding = 4; lastKnownFileType = sourcecode.swift; path = CheckoutViewController.swift; sourceTree = "<group>"; };
		23D7349C1D8CDA21000FC54E /* BrowseProductsViewController.swift */ = {isa = PBXFileReference; fileEncoding = 4; lastKnownFileType = sourcecode.swift; path = BrowseProductsViewController.swift; sourceTree = "<group>"; };
		23D7349D1D8CDA21000FC54E /* Networking.swift */ = {isa = PBXFileReference; fileEncoding = 4; lastKnownFileType = sourcecode.swift; path = Networking.swift; sourceTree = "<group>"; };
		23D7349E1D8CDA21000FC54E /* CheckoutRowView.swift */ = {isa = PBXFileReference; fileEncoding = 4; lastKnownFileType = sourcecode.swift; path = CheckoutRowView.swift; sourceTree = "<group>"; };
		23D7349F1D8CDA21000FC54E /* Buttons.swift */ = {isa = PBXFileReference; fileEncoding = 4; lastKnownFileType = sourcecode.swift; path = Buttons.swift; sourceTree = "<group>"; };
		23D734A81D8CE392000FC54E /* SpanTableViewController.h */ = {isa = PBXFileReference; fileEncoding = 4; lastKnownFileType = sourcecode.c.h; path = SpanTableViewController.h; sourceTree = "<group>"; };
		23D734A91D8CE392000FC54E /* SpanTableViewController.m */ = {isa = PBXFileReference; fileEncoding = 4; lastKnownFileType = sourcecode.c.objc; path = SpanTableViewController.m; sourceTree = "<group>"; };
		23FE70B01D8D9EE000E32DCD /* DetailViewController.h */ = {isa = PBXFileReference; fileEncoding = 4; lastKnownFileType = sourcecode.c.h; path = DetailViewController.h; sourceTree = "<group>"; };
		23FE70B11D8D9EE000E32DCD /* DetailViewController.m */ = {isa = PBXFileReference; fileEncoding = 4; lastKnownFileType = sourcecode.c.objc; path = DetailViewController.m; sourceTree = "<group>"; };
		23FE70B21D8D9EE000E32DCD /* Application.h */ = {isa = PBXFileReference; fileEncoding = 4; lastKnownFileType = sourcecode.c.h; path = Application.h; sourceTree = "<group>"; };
		23FE70B31D8D9EE000E32DCD /* Application.m */ = {isa = PBXFileReference; fileEncoding = 4; lastKnownFileType = sourcecode.c.objc; path = Application.m; sourceTree = "<group>"; };
		23FE70B61D8D9EF300E32DCD /* UIColor+Hexadecimal.h */ = {isa = PBXFileReference; fileEncoding = 4; lastKnownFileType = sourcecode.c.h; path = "UIColor+Hexadecimal.h"; sourceTree = "<group>"; };
		23FE70B71D8D9EF300E32DCD /* UIColor+Hexadecimal.m */ = {isa = PBXFileReference; fileEncoding = 4; lastKnownFileType = sourcecode.c.objc; path = "UIColor+Hexadecimal.m"; sourceTree = "<group>"; };
		23FE70B91D8D9EFB00E32DCD /* applications.json */ = {isa = PBXFileReference; fileEncoding = 4; lastKnownFileType = text.json; path = applications.json; sourceTree = "<group>"; };
		23FE70BB1D8D9F7200E32DCD /* UIScrollView+EmptyDataSet.h */ = {isa = PBXFileReference; fileEncoding = 4; lastKnownFileType = sourcecode.c.h; path = "UIScrollView+EmptyDataSet.h"; sourceTree = "<group>"; };
		23FE70BC1D8D9F7200E32DCD /* UIScrollView+EmptyDataSet.m */ = {isa = PBXFileReference; fileEncoding = 4; lastKnownFileType = sourcecode.c.objc; path = "UIScrollView+EmptyDataSet.m"; sourceTree = "<group>"; };
		23FE70BE1D8E10AA00E32DCD /* PAPLoadMoreCell.h */ = {isa = PBXFileReference; fileEncoding = 4; lastKnownFileType = sourcecode.c.h; path = PAPLoadMoreCell.h; sourceTree = "<group>"; };
		23FE70BF1D8E10AA00E32DCD /* PAPLoadMoreCell.m */ = {isa = PBXFileReference; fileEncoding = 4; lastKnownFileType = sourcecode.c.objc; path = PAPLoadMoreCell.m; sourceTree = "<group>"; };
		2FFA7EAC8F4D9839194879D4 /* Pods-Kenko.debug.xcconfig */ = {isa = PBXFileReference; includeInIndex = 1; lastKnownFileType = text.xcconfig; name = "Pods-Kenko.debug.xcconfig"; path = "Pods/Target Support Files/Pods-Kenko/Pods-Kenko.debug.xcconfig"; sourceTree = "<group>"; };
		33452B3E6F6E3EB493EE5ACE /* Pods-KenkoTests.release.xcconfig */ = {isa = PBXFileReference; includeInIndex = 1; lastKnownFileType = text.xcconfig; name = "Pods-KenkoTests.release.xcconfig"; path = "Pods/Target Support Files/Pods-KenkoTests/Pods-KenkoTests.release.xcconfig"; sourceTree = "<group>"; };
		6C866CAD479AC0DA7E39649D /* Pods-KenkoTests.debug.xcconfig */ = {isa = PBXFileReference; includeInIndex = 1; lastKnownFileType = text.xcconfig; name = "Pods-KenkoTests.debug.xcconfig"; path = "Pods/Target Support Files/Pods-KenkoTests/Pods-KenkoTests.debug.xcconfig"; sourceTree = "<group>"; };
		7167E7C81D6C48560042FECB /* ApiManager.swift */ = {isa = PBXFileReference; fileEncoding = 4; lastKnownFileType = sourcecode.swift; path = ApiManager.swift; sourceTree = "<group>"; };
		71F9B1851D6CAFA1004C0772 /* ApiOperation.swift */ = {isa = PBXFileReference; fileEncoding = 4; lastKnownFileType = sourcecode.swift; path = ApiOperation.swift; sourceTree = "<group>"; };
		71F9B1901D6F16DE004C0772 /* AccountViewController.swift */ = {isa = PBXFileReference; fileEncoding = 4; lastKnownFileType = sourcecode.swift; path = AccountViewController.swift; sourceTree = "<group>"; };
		909C1642BBA72575481ECE1B /* libPods-KenkoUITests.a */ = {isa = PBXFileReference; explicitFileType = archive.ar; includeInIndex = 0; path = "libPods-KenkoUITests.a"; sourceTree = BUILT_PRODUCTS_DIR; };
		B73B827873EDA04387571FA3 /* Pods-Kenko.release.xcconfig */ = {isa = PBXFileReference; includeInIndex = 1; lastKnownFileType = text.xcconfig; name = "Pods-Kenko.release.xcconfig"; path = "Pods/Target Support Files/Pods-Kenko/Pods-Kenko.release.xcconfig"; sourceTree = "<group>"; };
		D30F9BF621A52D1A586E1818 /* Pods-KenkoUITests.release.xcconfig */ = {isa = PBXFileReference; includeInIndex = 1; lastKnownFileType = text.xcconfig; name = "Pods-KenkoUITests.release.xcconfig"; path = "Pods/Target Support Files/Pods-KenkoUITests/Pods-KenkoUITests.release.xcconfig"; sourceTree = "<group>"; };
		DD3FE81CEC837E94D5B5F570 /* Pods-KenkoUITests.debug.xcconfig */ = {isa = PBXFileReference; includeInIndex = 1; lastKnownFileType = text.xcconfig; name = "Pods-KenkoUITests.debug.xcconfig"; path = "Pods/Target Support Files/Pods-KenkoUITests/Pods-KenkoUITests.debug.xcconfig"; sourceTree = "<group>"; };
/* End PBXFileReference section */

/* Begin PBXFrameworksBuildPhase section */
		230EB4501D8A72FC000A54A7 /* Frameworks */ = {
			isa = PBXFrameworksBuildPhase;
			buildActionMask = 2147483647;
			files = (
			);
			runOnlyForDeploymentPostprocessing = 0;
		};
		235E62161D5AB6EA00E7B099 /* Frameworks */ = {
			isa = PBXFrameworksBuildPhase;
			buildActionMask = 2147483647;
			files = (
				238E9EC41D5C09D2003FC76C /* FBSDKMessengerShareKit.framework in Frameworks */,
				A26D6BB3CFFF3F9399557894 /* Pods_Kenko.framework in Frameworks */,
			);
			runOnlyForDeploymentPostprocessing = 0;
		};
		235E622A1D5AB6EA00E7B099 /* Frameworks */ = {
			isa = PBXFrameworksBuildPhase;
			buildActionMask = 2147483647;
			files = (
				782149526133078CD504974C /* libPods-KenkoTests.a in Frameworks */,
			);
			runOnlyForDeploymentPostprocessing = 0;
		};
		235E62351D5AB6EA00E7B099 /* Frameworks */ = {
			isa = PBXFrameworksBuildPhase;
			buildActionMask = 2147483647;
			files = (
				80F6DCAEB10BD30B1CA2D37E /* libPods-KenkoUITests.a in Frameworks */,
			);
			runOnlyForDeploymentPostprocessing = 0;
		};
/* End PBXFrameworksBuildPhase section */

/* Begin PBXGroup section */
		230EB43C1D8A70D7000A54A7 /* Tutorial */ = {
			isa = PBXGroup;
			children = (
				230EB4431D8A715C000A54A7 /* ViewController.swift */,
			);
			name = Tutorial;
			sourceTree = "<group>";
		};
		230EB44B1D8A72FC000A54A7 /* TweenController */ = {
			isa = PBXGroup;
			children = (
				230EB44C1D8A72FC000A54A7 /* TweenController.h */,
				230EB44E1D8A72FC000A54A7 /* Info.plist */,
			);
			path = TweenController;
			sourceTree = "<group>";
		};
		230EB4591D8A72FC000A54A7 /* TweenControllerTests */ = {
			isa = PBXGroup;
			children = (
				230EB45A1D8A72FC000A54A7 /* TweenControllerTests.swift */,
				230EB45C1D8A72FC000A54A7 /* Info.plist */,
			);
			path = TweenControllerTests;
			sourceTree = "<group>";
		};
		23357DA51D7F7F11007A29C2 /* LaunchImage */ = {
			isa = PBXGroup;
			children = (
				23357DA61D7F7F2B007A29C2 /* Default-568h@2x.png */,
				23357DA81D7F7F2B007A29C2 /* Default-iPhone6Plus.png */,
				23357DA91D7F7F2B007A29C2 /* Default.png */,
			);
			name = LaunchImage;
			sourceTree = "<group>";
		};
		235E62101D5AB6EA00E7B099 = {
			isa = PBXGroup;
			children = (
				235E621B1D5AB6EA00E7B099 /* Kenko */,
				235E62301D5AB6EA00E7B099 /* KenkoTests */,
				235E623B1D5AB6EA00E7B099 /* KenkoUITests */,
				230EB44B1D8A72FC000A54A7 /* TweenController */,
				230EB4591D8A72FC000A54A7 /* TweenControllerTests */,
				235E621A1D5AB6EA00E7B099 /* Products */,
				FC6278DFC8A37669D21C1B8C /* Frameworks */,
				D1573A6584829FFB38967BE9 /* Pods */,
			);
			sourceTree = "<group>";
		};
		235E621A1D5AB6EA00E7B099 /* Products */ = {
			isa = PBXGroup;
			children = (
				235E62191D5AB6EA00E7B099 /* Kenko.app */,
				235E622D1D5AB6EA00E7B099 /* KenkoTests.xctest */,
				235E62381D5AB6EA00E7B099 /* KenkoUITests.xctest */,
				230EB4531D8A72FC000A54A7 /* TweenControllerTests.xctest */,
			);
			name = Products;
			sourceTree = "<group>";
		};
		235E621B1D5AB6EA00E7B099 /* Kenko */ = {
			isa = PBXGroup;
			children = (
				7167E7C21D6C48160042FECB /* API */,
				2367B74B1D680E0D00185B5C /* piggybank */,
				235E62A31D5AE96200E7B099 /* MegaTheme.swift */,
				235E629E1D5AE89D00E7B099 /* Cells */,
				235E62791D5ADE7300E7B099 /* FNFoldingTabBar */,
				235E62681D5AC50C00E7B099 /* Unity */,
				235E62AB1D5B22CD00E7B099 /* Wellcom&Login&SignUp */,
				230EB43C1D8A70D7000A54A7 /* Tutorial */,
				23BAC7E51D6323BE00EA7365 /* Timeline */,
				23B218941D5F70BB00F6C52D /* Post */,
				23FE70AF1D8D9ECB00E32DCD /* 聊天 */,
				23D734981D8CDA0C000FC54E /* Setting */,
				235E621C1D5AB6EA00E7B099 /* AppDelegate.swift */,
				235E62201D5AB6EA00E7B099 /* Main.storyboard */,
				2367B7491D68039000185B5C /* Money.storyboard */,
				2367B7471D67FB9D00185B5C /* Profile.storyboard */,
				230EB4411D8A7130000A54A7 /* Tutorial.storyboard */,
				235E62231D5AB6EA00E7B099 /* Assets.xcassets */,
				23357DA51D7F7F11007A29C2 /* LaunchImage */,
				235E62281D5AB6EA00E7B099 /* Info.plist */,
				23091BBB1D8D3AA20047C56F /* send-message.html */,
				235E62251D5AB6EA00E7B099 /* LaunchScreen.storyboard */,
				235E625C1D5AC0E000E7B099 /* Kenko-Bridging-Header.h */,
				235E625D1D5AC0E100E7B099 /* KenkoTests-Bridging-Header.h */,
				235E625E1D5AC0E200E7B099 /* KenkoUITests-Bridging-Header.h */,
			);
			path = Kenko;
			sourceTree = "<group>";
		};
		235E62301D5AB6EA00E7B099 /* KenkoTests */ = {
			isa = PBXGroup;
			children = (
				235E62311D5AB6EA00E7B099 /* KenkoTests.swift */,
				235E62331D5AB6EA00E7B099 /* Info.plist */,
			);
			path = KenkoTests;
			sourceTree = "<group>";
		};
		235E623B1D5AB6EA00E7B099 /* KenkoUITests */ = {
			isa = PBXGroup;
			children = (
				235E623C1D5AB6EA00E7B099 /* KenkoUITests.swift */,
				235E623E1D5AB6EA00E7B099 /* Info.plist */,
			);
			path = KenkoUITests;
			sourceTree = "<group>";
		};
		235E62681D5AC50C00E7B099 /* Unity */ = {
			isa = PBXGroup;
			children = (
				235E62691D5AC50C00E7B099 /* PAPCache.swift */,
				235E626A1D5AC50C00E7B099 /* PAPConstants.swift */,
				235E626B1D5AC50C00E7B099 /* PAPUtility.swift */,
				235E626C1D5AC50C00E7B099 /* Reachability.swift */,
			);
			path = Unity;
			sourceTree = "<group>";
		};
		235E62791D5ADE7300E7B099 /* FNFoldingTabBar */ = {
			isa = PBXGroup;
			children = (
				235E627A1D5ADE7300E7B099 /* FNAssets.xcassets */,
				235E627B1D5ADE7300E7B099 /* FNFoldingTabBar.swift */,
				235E627C1D5ADE7300E7B099 /* FNFoldingTabBarController.swift */,
			);
			path = FNFoldingTabBar;
			sourceTree = "<group>";
		};
		235E629E1D5AE89D00E7B099 /* Cells */ = {
			isa = PBXGroup;
			children = (
				235E629F1D5AE8AA00E7B099 /* TimelineCell.swift */,
				235E62A71D5B109000E7B099 /* TimeLineCustomCell.swift */,
			);
			name = Cells;
			sourceTree = "<group>";
		};
		235E62AB1D5B22CD00E7B099 /* Wellcom&Login&SignUp */ = {
			isa = PBXGroup;
			children = (
				230EB4721D8A9BE4000A54A7 /* TutorialBuilder.swift */,
				230EB43F1D8A70F3000A54A7 /* StartViewController.swift */,
			);
			name = "Wellcom&Login&SignUp";
			sourceTree = "<group>";
		};
		2367B74B1D680E0D00185B5C /* piggybank */ = {
			isa = PBXGroup;
			children = (
				2367B74C1D680E3700185B5C /* HowMuchMoneyYouWantViewController.swift */,
				2367B7521D681DCF00185B5C /* WhyViewController.swift */,
				2306C52E1D6845D2003505E8 /* SevenViewController.swift */,
			);
			name = piggybank;
			sourceTree = "<group>";
		};
		238E9DB81D5C09D1003FC76C /* FacebookSDKs */ = {
			isa = PBXGroup;
			children = (
				238E9DC61D5C09D1003FC76C /* FBSDKMessengerShareKit.framework */,
				238E9DC81D5C09D1003FC76C /* LICENSE.txt */,
				238E9DC91D5C09D1003FC76C /* README.txt */,
			);
			path = FacebookSDKs;
			sourceTree = "<group>";
		};
		23B218941D5F70BB00F6C52D /* Post */ = {
			isa = PBXGroup;
			children = (
				235E628A1D5AE49700E7B099 /* PostBlogViewController.swift */,
				23B218921D5F6DCC00F6C52D /* WriteTableViewController.swift */,
				23B4B76D1D613405006F99D5 /* WriteTitleViewController.swift */,
				23B4B76F1D613413006F99D5 /* WriteDetailViewController.swift */,
			);
			name = Post;
			sourceTree = "<group>";
		};
		23BAC7E51D6323BE00EA7365 /* Timeline */ = {
			isa = PBXGroup;
			children = (
				23D734A71D8CE36D000FC54E /* Span */,
				235E628E1D5AE4C300E7B099 /* TimeLineViewController.swift */,
				23B4B7711D622B10006F99D5 /* ArticleViewController.swift */,
			);
			name = Timeline;
			sourceTree = "<group>";
		};
		23D734981D8CDA0C000FC54E /* Setting */ = {
			isa = PBXGroup;
			children = (
				23D734991D8CDA21000FC54E /* MyAPIClient.swift */,
				23D7349A1D8CDA21000FC54E /* SettingsViewController.swift */,
				23D7349B1D8CDA21000FC54E /* CheckoutViewController.swift */,
				23D7349C1D8CDA21000FC54E /* BrowseProductsViewController.swift */,
				23D7349D1D8CDA21000FC54E /* Networking.swift */,
				23D7349E1D8CDA21000FC54E /* CheckoutRowView.swift */,
				23D7349F1D8CDA21000FC54E /* Buttons.swift */,
				71F9B1901D6F16DE004C0772 /* AccountViewController.swift */,
			);
			name = Setting;
			sourceTree = "<group>";
		};
		23D734A71D8CE36D000FC54E /* Span */ = {
			isa = PBXGroup;
			children = (
				23D734A81D8CE392000FC54E /* SpanTableViewController.h */,
				23D734A91D8CE392000FC54E /* SpanTableViewController.m */,
			);
			name = Span;
			sourceTree = "<group>";
		};
		23FE70AF1D8D9ECB00E32DCD /* 聊天 */ = {
			isa = PBXGroup;
			children = (
				23FE70BE1D8E10AA00E32DCD /* PAPLoadMoreCell.h */,
				23FE70BF1D8E10AA00E32DCD /* PAPLoadMoreCell.m */,
				23FE70BB1D8D9F7200E32DCD /* UIScrollView+EmptyDataSet.h */,
				23FE70BC1D8D9F7200E32DCD /* UIScrollView+EmptyDataSet.m */,
				23FE70B91D8D9EFB00E32DCD /* applications.json */,
				23FE70B61D8D9EF300E32DCD /* UIColor+Hexadecimal.h */,
				23FE70B71D8D9EF300E32DCD /* UIColor+Hexadecimal.m */,
				23FE70B01D8D9EE000E32DCD /* DetailViewController.h */,
				23FE70B11D8D9EE000E32DCD /* DetailViewController.m */,
				23FE70B21D8D9EE000E32DCD /* Application.h */,
				23FE70B31D8D9EE000E32DCD /* Application.m */,
				235E629A1D5AE51800E7B099 /* ChatViewController.swift */,
			);
			name = "聊天";
			sourceTree = "<group>";
		};
		7167E7C21D6C48160042FECB /* API */ = {
			isa = PBXGroup;
			children = (
				7167E7C81D6C48560042FECB /* ApiManager.swift */,
				71F9B1851D6CAFA1004C0772 /* ApiOperation.swift */,
			);
			name = API;
			sourceTree = "<group>";
		};
		D1573A6584829FFB38967BE9 /* Pods */ = {
			isa = PBXGroup;
			children = (
				2FFA7EAC8F4D9839194879D4 /* Pods-Kenko.debug.xcconfig */,
				B73B827873EDA04387571FA3 /* Pods-Kenko.release.xcconfig */,
				6C866CAD479AC0DA7E39649D /* Pods-KenkoTests.debug.xcconfig */,
				33452B3E6F6E3EB493EE5ACE /* Pods-KenkoTests.release.xcconfig */,
				DD3FE81CEC837E94D5B5F570 /* Pods-KenkoUITests.debug.xcconfig */,
				D30F9BF621A52D1A586E1818 /* Pods-KenkoUITests.release.xcconfig */,
			);
			name = Pods;
			sourceTree = "<group>";
		};
		FC6278DFC8A37669D21C1B8C /* Frameworks */ = {
			isa = PBXGroup;
			children = (
				236D2F5C1D8A3B63002D756A /* ParseUI.framework */,
				238E9DB81D5C09D1003FC76C /* FacebookSDKs */,
				113CEE79EAF694CA95EEED01 /* Pods_Kenko.framework */,
				1FF2997B3FC27D6B411C1BE4 /* libPods-KenkoTests.a */,
				909C1642BBA72575481ECE1B /* libPods-KenkoUITests.a */,
			);
			name = Frameworks;
			sourceTree = "<group>";
		};
/* End PBXGroup section */

/* Begin PBXNativeTarget section */
		230EB4521D8A72FC000A54A7 /* TweenControllerTests */ = {
			isa = PBXNativeTarget;
			buildConfigurationList = 230EB4651D8A72FD000A54A7 /* Build configuration list for PBXNativeTarget "TweenControllerTests" */;
			buildPhases = (
				230EB44F1D8A72FC000A54A7 /* Sources */,
				230EB4501D8A72FC000A54A7 /* Frameworks */,
				230EB4511D8A72FC000A54A7 /* Resources */,
			);
			buildRules = (
			);
			dependencies = (
				230EB4581D8A72FC000A54A7 /* PBXTargetDependency */,
			);
			name = TweenControllerTests;
			productName = TweenControllerTests;
			productReference = 230EB4531D8A72FC000A54A7 /* TweenControllerTests.xctest */;
			productType = "com.apple.product-type.bundle.unit-test";
		};
		235E62181D5AB6EA00E7B099 /* Kenko */ = {
			isa = PBXNativeTarget;
			buildConfigurationList = 235E62411D5AB6EA00E7B099 /* Build configuration list for PBXNativeTarget "Kenko" */;
			buildPhases = (
				0FAFCF5A70F6683FFAFFDB96 /* [CP] Check Pods Manifest.lock */,
				235E62151D5AB6EA00E7B099 /* Sources */,
				235E62161D5AB6EA00E7B099 /* Frameworks */,
				235E62171D5AB6EA00E7B099 /* Resources */,
				235E624A1D5ABE5500E7B099 /* ShellScript */,
				C0936A2489865EC78A1A9A07 /* [CP] Embed Pods Frameworks */,
				605C596F68F3B8C80AE3A70C /* [CP] Copy Pods Resources */,
				6D42993469FD631EC2D366F5 /* Embed Pods Frameworks */,
				230EB4641D8A72FD000A54A7 /* Embed Frameworks */,
			);
			buildRules = (
			);
			dependencies = (
			);
			name = Kenko;
			productName = Kenko;
			productReference = 235E62191D5AB6EA00E7B099 /* Kenko.app */;
			productType = "com.apple.product-type.application";
		};
		235E622C1D5AB6EA00E7B099 /* KenkoTests */ = {
			isa = PBXNativeTarget;
			buildConfigurationList = 235E62441D5AB6EA00E7B099 /* Build configuration list for PBXNativeTarget "KenkoTests" */;
			buildPhases = (
				5815D878F6B64F998FDA8FDC /* [CP] Check Pods Manifest.lock */,
				235E62291D5AB6EA00E7B099 /* Sources */,
				235E622A1D5AB6EA00E7B099 /* Frameworks */,
				235E622B1D5AB6EA00E7B099 /* Resources */,
				80385AE83D1BC9D482E15BBC /* [CP] Embed Pods Frameworks */,
				689D7FB8709EA6DB2085F04E /* [CP] Copy Pods Resources */,
			);
			buildRules = (
			);
			dependencies = (
				235E622F1D5AB6EA00E7B099 /* PBXTargetDependency */,
			);
			name = KenkoTests;
			productName = KenkoTests;
			productReference = 235E622D1D5AB6EA00E7B099 /* KenkoTests.xctest */;
			productType = "com.apple.product-type.bundle.unit-test";
		};
		235E62371D5AB6EA00E7B099 /* KenkoUITests */ = {
			isa = PBXNativeTarget;
			buildConfigurationList = 235E62471D5AB6EA00E7B099 /* Build configuration list for PBXNativeTarget "KenkoUITests" */;
			buildPhases = (
				D7A805DE970BFD52331FAC7C /* [CP] Check Pods Manifest.lock */,
				235E62341D5AB6EA00E7B099 /* Sources */,
				235E62351D5AB6EA00E7B099 /* Frameworks */,
				235E62361D5AB6EA00E7B099 /* Resources */,
				E31B3CCEBCB72ED1401CE951 /* [CP] Copy Pods Resources */,
			);
			buildRules = (
			);
			dependencies = (
				235E623A1D5AB6EA00E7B099 /* PBXTargetDependency */,
			);
			name = KenkoUITests;
			productName = KenkoUITests;
			productReference = 235E62381D5AB6EA00E7B099 /* KenkoUITests.xctest */;
			productType = "com.apple.product-type.bundle.ui-testing";
		};
/* End PBXNativeTarget section */

/* Begin PBXProject section */
		235E62111D5AB6EA00E7B099 /* Project object */ = {
			isa = PBXProject;
			attributes = {
				LastSwiftUpdateCheck = 0730;
				LastUpgradeCheck = 0730;
				ORGANIZATIONNAME = "駿逸 陳";
				TargetAttributes = {
					230EB4521D8A72FC000A54A7 = {
						CreatedOnToolsVersion = 7.3.1;
						TestTargetID = 235E62181D5AB6EA00E7B099;
					};
					235E62181D5AB6EA00E7B099 = {
						CreatedOnToolsVersion = 7.3.1;
						DevelopmentTeam = 8LJ7V3WEL3;
						SystemCapabilities = {
							com.apple.Push = {
								enabled = 1;
							};
						};
					};
					235E622C1D5AB6EA00E7B099 = {
						CreatedOnToolsVersion = 7.3.1;
						TestTargetID = 235E62181D5AB6EA00E7B099;
					};
					235E62371D5AB6EA00E7B099 = {
						CreatedOnToolsVersion = 7.3.1;
						TestTargetID = 235E62181D5AB6EA00E7B099;
					};
				};
			};
			buildConfigurationList = 235E62141D5AB6EA00E7B099 /* Build configuration list for PBXProject "Kenko" */;
			compatibilityVersion = "Xcode 3.2";
			developmentRegion = English;
			hasScannedForEncodings = 0;
			knownRegions = (
				en,
				Base,
			);
			mainGroup = 235E62101D5AB6EA00E7B099;
			productRefGroup = 235E621A1D5AB6EA00E7B099 /* Products */;
			projectDirPath = "";
			projectRoot = "";
			targets = (
				235E62181D5AB6EA00E7B099 /* Kenko */,
				235E622C1D5AB6EA00E7B099 /* KenkoTests */,
				235E62371D5AB6EA00E7B099 /* KenkoUITests */,
				230EB4521D8A72FC000A54A7 /* TweenControllerTests */,
			);
		};
/* End PBXProject section */

/* Begin PBXResourcesBuildPhase section */
		230EB4511D8A72FC000A54A7 /* Resources */ = {
			isa = PBXResourcesBuildPhase;
			buildActionMask = 2147483647;
			files = (
			);
			runOnlyForDeploymentPostprocessing = 0;
		};
		235E62171D5AB6EA00E7B099 /* Resources */ = {
			isa = PBXResourcesBuildPhase;
			buildActionMask = 2147483647;
			files = (
				238E9EC61D5C09D2003FC76C /* LICENSE.txt in Resources */,
				235E627D1D5ADE7300E7B099 /* FNAssets.xcassets in Resources */,
				23357DAB1D7F7F2B007A29C2 /* Default-568h@2x.png in Resources */,
				23357DB11D7F7F2B007A29C2 /* Default-iPhone6Plus.png in Resources */,
				235E62271D5AB6EA00E7B099 /* LaunchScreen.storyboard in Resources */,
				235E62241D5AB6EA00E7B099 /* Assets.xcassets in Resources */,
				23357DB41D7F7F2B007A29C2 /* Default.png in Resources */,
				235E62221D5AB6EA00E7B099 /* Main.storyboard in Resources */,
				2367B7481D67FB9D00185B5C /* Profile.storyboard in Resources */,
				238E9EC71D5C09D2003FC76C /* README.txt in Resources */,
				23091BBC1D8D3AA20047C56F /* send-message.html in Resources */,
				230EB4421D8A7130000A54A7 /* Tutorial.storyboard in Resources */,
				23FE70BA1D8D9EFB00E32DCD /* applications.json in Resources */,
				2367B74A1D68039000185B5C /* Money.storyboard in Resources */,
			);
			runOnlyForDeploymentPostprocessing = 0;
		};
		235E622B1D5AB6EA00E7B099 /* Resources */ = {
			isa = PBXResourcesBuildPhase;
			buildActionMask = 2147483647;
			files = (
				23357DB21D7F7F2B007A29C2 /* Default-iPhone6Plus.png in Resources */,
				235E627E1D5ADE7300E7B099 /* FNAssets.xcassets in Resources */,
				23357DAC1D7F7F2B007A29C2 /* Default-568h@2x.png in Resources */,
				23357DB51D7F7F2B007A29C2 /* Default.png in Resources */,
			);
			runOnlyForDeploymentPostprocessing = 0;
		};
		235E62361D5AB6EA00E7B099 /* Resources */ = {
			isa = PBXResourcesBuildPhase;
			buildActionMask = 2147483647;
			files = (
				23357DB31D7F7F2B007A29C2 /* Default-iPhone6Plus.png in Resources */,
				235E627F1D5ADE7300E7B099 /* FNAssets.xcassets in Resources */,
				23357DAD1D7F7F2B007A29C2 /* Default-568h@2x.png in Resources */,
				23357DB61D7F7F2B007A29C2 /* Default.png in Resources */,
			);
			runOnlyForDeploymentPostprocessing = 0;
		};
/* End PBXResourcesBuildPhase section */

/* Begin PBXShellScriptBuildPhase section */
		0FAFCF5A70F6683FFAFFDB96 /* [CP] Check Pods Manifest.lock */ = {
			isa = PBXShellScriptBuildPhase;
			buildActionMask = 2147483647;
			files = (
			);
			inputPaths = (
			);
			name = "[CP] Check Pods Manifest.lock";
			outputPaths = (
			);
			runOnlyForDeploymentPostprocessing = 0;
			shellPath = /bin/sh;
			shellScript = "diff \"${PODS_ROOT}/../Podfile.lock\" \"${PODS_ROOT}/Manifest.lock\" > /dev/null\nif [[ $? != 0 ]] ; then\n    cat << EOM\nerror: The sandbox is not in sync with the Podfile.lock. Run 'pod install' or update your CocoaPods installation.\nEOM\n    exit 1\nfi\n";
			showEnvVarsInLog = 0;
		};
		235E624A1D5ABE5500E7B099 /* ShellScript */ = {
			isa = PBXShellScriptBuildPhase;
			buildActionMask = 2147483647;
			files = (
			);
			inputPaths = (
			);
			outputPaths = (
			);
			runOnlyForDeploymentPostprocessing = 0;
			shellPath = /bin/sh;
			shellScript = "\"${PODS_ROOT}/Fabric/run\" 641c1af9675270dbed145fbc8437b990ae01237a 817691a09ef5ec9a26cedafb581f15f2f9056201c4415d3a4f0187215cd7f21c";
		};
		5815D878F6B64F998FDA8FDC /* [CP] Check Pods Manifest.lock */ = {
			isa = PBXShellScriptBuildPhase;
			buildActionMask = 2147483647;
			files = (
			);
			inputPaths = (
			);
			name = "[CP] Check Pods Manifest.lock";
			outputPaths = (
			);
			runOnlyForDeploymentPostprocessing = 0;
			shellPath = /bin/sh;
			shellScript = "diff \"${PODS_ROOT}/../Podfile.lock\" \"${PODS_ROOT}/Manifest.lock\" > /dev/null\nif [[ $? != 0 ]] ; then\n    cat << EOM\nerror: The sandbox is not in sync with the Podfile.lock. Run 'pod install' or update your CocoaPods installation.\nEOM\n    exit 1\nfi\n";
			showEnvVarsInLog = 0;
		};
		605C596F68F3B8C80AE3A70C /* [CP] Copy Pods Resources */ = {
			isa = PBXShellScriptBuildPhase;
			buildActionMask = 2147483647;
			files = (
			);
			inputPaths = (
			);
			name = "[CP] Copy Pods Resources";
			outputPaths = (
			);
			runOnlyForDeploymentPostprocessing = 0;
			shellPath = /bin/sh;
			shellScript = "\"${SRCROOT}/Pods/Target Support Files/Pods-Kenko/Pods-Kenko-resources.sh\"\n";
			showEnvVarsInLog = 0;
		};
		689D7FB8709EA6DB2085F04E /* [CP] Copy Pods Resources */ = {
			isa = PBXShellScriptBuildPhase;
			buildActionMask = 2147483647;
			files = (
			);
			inputPaths = (
			);
			name = "[CP] Copy Pods Resources";
			outputPaths = (
			);
			runOnlyForDeploymentPostprocessing = 0;
			shellPath = /bin/sh;
			shellScript = "\"${SRCROOT}/Pods/Target Support Files/Pods-KenkoTests/Pods-KenkoTests-resources.sh\"\n";
			showEnvVarsInLog = 0;
		};
		6D42993469FD631EC2D366F5 /* Embed Pods Frameworks */ = {
			isa = PBXShellScriptBuildPhase;
			buildActionMask = 2147483647;
			files = (
			);
			inputPaths = (
			);
			name = "Embed Pods Frameworks";
			outputPaths = (
			);
			runOnlyForDeploymentPostprocessing = 0;
			shellPath = /bin/sh;
			shellScript = "\"${SRCROOT}/Pods/Target Support Files/Pods-Kenko/Pods-Kenko-frameworks.sh\"\n";
			showEnvVarsInLog = 0;
		};
		80385AE83D1BC9D482E15BBC /* [CP] Embed Pods Frameworks */ = {
			isa = PBXShellScriptBuildPhase;
			buildActionMask = 2147483647;
			files = (
			);
			inputPaths = (
			);
			name = "[CP] Embed Pods Frameworks";
			outputPaths = (
			);
			runOnlyForDeploymentPostprocessing = 0;
			shellPath = /bin/sh;
			shellScript = "\"${SRCROOT}/Pods/Target Support Files/Pods-KenkoTests/Pods-KenkoTests-frameworks.sh\"\n";
			showEnvVarsInLog = 0;
		};
		C0936A2489865EC78A1A9A07 /* [CP] Embed Pods Frameworks */ = {
			isa = PBXShellScriptBuildPhase;
			buildActionMask = 2147483647;
			files = (
			);
			inputPaths = (
			);
			name = "[CP] Embed Pods Frameworks";
			outputPaths = (
			);
			runOnlyForDeploymentPostprocessing = 0;
			shellPath = /bin/sh;
			shellScript = "\"${SRCROOT}/Pods/Target Support Files/Pods-Kenko/Pods-Kenko-frameworks.sh\"\n";
			showEnvVarsInLog = 0;
		};
		D7A805DE970BFD52331FAC7C /* [CP] Check Pods Manifest.lock */ = {
			isa = PBXShellScriptBuildPhase;
			buildActionMask = 2147483647;
			files = (
			);
			inputPaths = (
			);
			name = "[CP] Check Pods Manifest.lock";
			outputPaths = (
			);
			runOnlyForDeploymentPostprocessing = 0;
			shellPath = /bin/sh;
			shellScript = "diff \"${PODS_ROOT}/../Podfile.lock\" \"${PODS_ROOT}/Manifest.lock\" > /dev/null\nif [[ $? != 0 ]] ; then\n    cat << EOM\nerror: The sandbox is not in sync with the Podfile.lock. Run 'pod install' or update your CocoaPods installation.\nEOM\n    exit 1\nfi\n";
			showEnvVarsInLog = 0;
		};
		E31B3CCEBCB72ED1401CE951 /* [CP] Copy Pods Resources */ = {
			isa = PBXShellScriptBuildPhase;
			buildActionMask = 2147483647;
			files = (
			);
			inputPaths = (
			);
			name = "[CP] Copy Pods Resources";
			outputPaths = (
			);
			runOnlyForDeploymentPostprocessing = 0;
			shellPath = /bin/sh;
			shellScript = "\"${SRCROOT}/Pods/Target Support Files/Pods-KenkoUITests/Pods-KenkoUITests-resources.sh\"\n";
			showEnvVarsInLog = 0;
		};
/* End PBXShellScriptBuildPhase section */

/* Begin PBXSourcesBuildPhase section */
		230EB44F1D8A72FC000A54A7 /* Sources */ = {
			isa = PBXSourcesBuildPhase;
			buildActionMask = 2147483647;
			files = (
				230EB45B1D8A72FC000A54A7 /* TweenControllerTests.swift in Sources */,
			);
			runOnlyForDeploymentPostprocessing = 0;
		};
		235E62151D5AB6EA00E7B099 /* Sources */ = {
			isa = PBXSourcesBuildPhase;
			buildActionMask = 2147483647;
			files = (
				23FE70B51D8D9EE000E32DCD /* Application.m in Sources */,
				235E62A81D5B109000E7B099 /* TimeLineCustomCell.swift in Sources */,
				230EB4731D8A9BE4000A54A7 /* TutorialBuilder.swift in Sources */,
				71F9B1911D6F16DE004C0772 /* AccountViewController.swift in Sources */,
				23D734A01D8CDA21000FC54E /* MyAPIClient.swift in Sources */,
				23B4B76E1D613405006F99D5 /* WriteTitleViewController.swift in Sources */,
				2367B74D1D680E3700185B5C /* HowMuchMoneyYouWantViewController.swift in Sources */,
				235E628B1D5AE49700E7B099 /* PostBlogViewController.swift in Sources */,
				23FE70B81D8D9EF300E32DCD /* UIColor+Hexadecimal.m in Sources */,
				235E62731D5AC50C00E7B099 /* PAPUtility.swift in Sources */,
				23B4B7701D613413006F99D5 /* WriteDetailViewController.swift in Sources */,
				235E62831D5ADE7300E7B099 /* FNFoldingTabBarController.swift in Sources */,
				23FE70B41D8D9EE000E32DCD /* DetailViewController.m in Sources */,
				71F9B1861D6CAFA1004C0772 /* ApiOperation.swift in Sources */,
				235E62A01D5AE8AA00E7B099 /* TimelineCell.swift in Sources */,
				230EB4401D8A70F3000A54A7 /* StartViewController.swift in Sources */,
				235E62A41D5AE96200E7B099 /* MegaTheme.swift in Sources */,
				2306C52F1D6845D2003505E8 /* SevenViewController.swift in Sources */,
				235E628F1D5AE4C300E7B099 /* TimeLineViewController.swift in Sources */,
				230EB4441D8A715C000A54A7 /* ViewController.swift in Sources */,
				235E62801D5ADE7300E7B099 /* FNFoldingTabBar.swift in Sources */,
				23D734A41D8CDA21000FC54E /* Networking.swift in Sources */,
				235E62761D5AC50C00E7B099 /* Reachability.swift in Sources */,
				23FE70C01D8E10AA00E32DCD /* PAPLoadMoreCell.m in Sources */,
				235E621D1D5AB6EA00E7B099 /* AppDelegate.swift in Sources */,
				23FE70BD1D8D9F7200E32DCD /* UIScrollView+EmptyDataSet.m in Sources */,
				23D734A51D8CDA21000FC54E /* CheckoutRowView.swift in Sources */,
				23D734A61D8CDA21000FC54E /* Buttons.swift in Sources */,
				23B4B7721D622B10006F99D5 /* ArticleViewController.swift in Sources */,
				2367B7531D681DCF00185B5C /* WhyViewController.swift in Sources */,
				23D734A11D8CDA21000FC54E /* SettingsViewController.swift in Sources */,
				235E626D1D5AC50C00E7B099 /* PAPCache.swift in Sources */,
				23B218931D5F6DCC00F6C52D /* WriteTableViewController.swift in Sources */,
				23D734AA1D8CE392000FC54E /* SpanTableViewController.m in Sources */,
				23D734A31D8CDA21000FC54E /* BrowseProductsViewController.swift in Sources */,
				7167E7C91D6C48560042FECB /* ApiManager.swift in Sources */,
				235E629B1D5AE51800E7B099 /* ChatViewController.swift in Sources */,
				23D734A21D8CDA21000FC54E /* CheckoutViewController.swift in Sources */,
				235E62701D5AC50C00E7B099 /* PAPConstants.swift in Sources */,
			);
			runOnlyForDeploymentPostprocessing = 0;
		};
		235E62291D5AB6EA00E7B099 /* Sources */ = {
			isa = PBXSourcesBuildPhase;
			buildActionMask = 2147483647;
			files = (
				235E62A11D5AE8AA00E7B099 /* TimelineCell.swift in Sources */,
				235E628C1D5AE49700E7B099 /* PostBlogViewController.swift in Sources */,
				235E62741D5AC50C00E7B099 /* PAPUtility.swift in Sources */,
				235E629C1D5AE51800E7B099 /* ChatViewController.swift in Sources */,
				235E62811D5ADE7300E7B099 /* FNFoldingTabBar.swift in Sources */,
				235E62A91D5B109000E7B099 /* TimeLineCustomCell.swift in Sources */,
				235E62711D5AC50C00E7B099 /* PAPConstants.swift in Sources */,
				23B4B7731D622B10006F99D5 /* ArticleViewController.swift in Sources */,
				71F9B1921D6F16DE004C0772 /* AccountViewController.swift in Sources */,
				235E626E1D5AC50C00E7B099 /* PAPCache.swift in Sources */,
				2367B7541D681EA600185B5C /* WhyViewController.swift in Sources */,
				235E62841D5ADE7300E7B099 /* FNFoldingTabBarController.swift in Sources */,
				235E62771D5AC50C00E7B099 /* Reachability.swift in Sources */,
				235E62A51D5AE96200E7B099 /* MegaTheme.swift in Sources */,
				7167E7CA1D6C48560042FECB /* ApiManager.swift in Sources */,
				235E62321D5AB6EA00E7B099 /* KenkoTests.swift in Sources */,
				235E62901D5AE4C300E7B099 /* TimeLineViewController.swift in Sources */,
			);
			runOnlyForDeploymentPostprocessing = 0;
		};
		235E62341D5AB6EA00E7B099 /* Sources */ = {
			isa = PBXSourcesBuildPhase;
			buildActionMask = 2147483647;
			files = (
				235E62A21D5AE8AA00E7B099 /* TimelineCell.swift in Sources */,
				235E628D1D5AE49700E7B099 /* PostBlogViewController.swift in Sources */,
				235E62751D5AC50C00E7B099 /* PAPUtility.swift in Sources */,
				235E629D1D5AE51800E7B099 /* ChatViewController.swift in Sources */,
				235E62821D5ADE7300E7B099 /* FNFoldingTabBar.swift in Sources */,
				235E62AA1D5B109000E7B099 /* TimeLineCustomCell.swift in Sources */,
				235E62721D5AC50C00E7B099 /* PAPConstants.swift in Sources */,
				23B4B7741D622B10006F99D5 /* ArticleViewController.swift in Sources */,
				71F9B1931D6F16DE004C0772 /* AccountViewController.swift in Sources */,
				235E626F1D5AC50C00E7B099 /* PAPCache.swift in Sources */,
				2367B7551D681EA600185B5C /* WhyViewController.swift in Sources */,
				235E62851D5ADE7300E7B099 /* FNFoldingTabBarController.swift in Sources */,
				235E62781D5AC50C00E7B099 /* Reachability.swift in Sources */,
				235E62A61D5AE96200E7B099 /* MegaTheme.swift in Sources */,
				7167E7CB1D6C48560042FECB /* ApiManager.swift in Sources */,
				235E623D1D5AB6EA00E7B099 /* KenkoUITests.swift in Sources */,
				235E62911D5AE4C300E7B099 /* TimeLineViewController.swift in Sources */,
			);
			runOnlyForDeploymentPostprocessing = 0;
		};
/* End PBXSourcesBuildPhase section */

/* Begin PBXTargetDependency section */
		230EB4581D8A72FC000A54A7 /* PBXTargetDependency */ = {
			isa = PBXTargetDependency;
			target = 235E62181D5AB6EA00E7B099 /* Kenko */;
			targetProxy = 230EB4571D8A72FC000A54A7 /* PBXContainerItemProxy */;
		};
		235E622F1D5AB6EA00E7B099 /* PBXTargetDependency */ = {
			isa = PBXTargetDependency;
			target = 235E62181D5AB6EA00E7B099 /* Kenko */;
			targetProxy = 235E622E1D5AB6EA00E7B099 /* PBXContainerItemProxy */;
		};
		235E623A1D5AB6EA00E7B099 /* PBXTargetDependency */ = {
			isa = PBXTargetDependency;
			target = 235E62181D5AB6EA00E7B099 /* Kenko */;
			targetProxy = 235E62391D5AB6EA00E7B099 /* PBXContainerItemProxy */;
		};
/* End PBXTargetDependency section */

/* Begin PBXVariantGroup section */
		235E62201D5AB6EA00E7B099 /* Main.storyboard */ = {
			isa = PBXVariantGroup;
			children = (
				235E62211D5AB6EA00E7B099 /* Base */,
			);
			name = Main.storyboard;
			sourceTree = "<group>";
		};
		235E62251D5AB6EA00E7B099 /* LaunchScreen.storyboard */ = {
			isa = PBXVariantGroup;
			children = (
				235E62261D5AB6EA00E7B099 /* Base */,
			);
			name = LaunchScreen.storyboard;
			sourceTree = "<group>";
		};
/* End PBXVariantGroup section */

/* Begin XCBuildConfiguration section */
		230EB4661D8A72FD000A54A7 /* Debug */ = {
			isa = XCBuildConfiguration;
			buildSettings = {
				INFOPLIST_FILE = TweenControllerTests/Info.plist;
				LD_RUNPATH_SEARCH_PATHS = "$(inherited) @executable_path/Frameworks @loader_path/Frameworks";
				PRODUCT_BUNDLE_IDENTIFIER = today.kenko.TweenControllerTests;
				PRODUCT_NAME = "$(TARGET_NAME)";
				TEST_HOST = "$(BUILT_PRODUCTS_DIR)/Kenko.app/Kenko";
			};
			name = Debug;
		};
		230EB4671D8A72FD000A54A7 /* Release */ = {
			isa = XCBuildConfiguration;
			buildSettings = {
				INFOPLIST_FILE = TweenControllerTests/Info.plist;
				LD_RUNPATH_SEARCH_PATHS = "$(inherited) @executable_path/Frameworks @loader_path/Frameworks";
				PRODUCT_BUNDLE_IDENTIFIER = today.kenko.TweenControllerTests;
				PRODUCT_NAME = "$(TARGET_NAME)";
				TEST_HOST = "$(BUILT_PRODUCTS_DIR)/Kenko.app/Kenko";
			};
			name = Release;
		};
		235E623F1D5AB6EA00E7B099 /* Debug */ = {
			isa = XCBuildConfiguration;
			buildSettings = {
				ALWAYS_SEARCH_USER_PATHS = NO;
				CLANG_ANALYZER_NONNULL = YES;
				CLANG_CXX_LANGUAGE_STANDARD = "gnu++0x";
				CLANG_CXX_LIBRARY = "libc++";
				CLANG_ENABLE_MODULES = YES;
				CLANG_ENABLE_OBJC_ARC = YES;
				CLANG_WARN_BOOL_CONVERSION = YES;
				CLANG_WARN_CONSTANT_CONVERSION = YES;
				CLANG_WARN_DIRECT_OBJC_ISA_USAGE = YES_ERROR;
				CLANG_WARN_EMPTY_BODY = YES;
				CLANG_WARN_ENUM_CONVERSION = YES;
				CLANG_WARN_INT_CONVERSION = YES;
				CLANG_WARN_OBJC_ROOT_CLASS = YES_ERROR;
				CLANG_WARN_UNREACHABLE_CODE = YES;
				CLANG_WARN__DUPLICATE_METHOD_MATCH = YES;
				"CODE_SIGN_IDENTITY[sdk=iphoneos*]" = "iPhone Developer";
				COPY_PHASE_STRIP = NO;
				DEBUG_INFORMATION_FORMAT = dwarf;
				ENABLE_STRICT_OBJC_MSGSEND = YES;
				ENABLE_TESTABILITY = YES;
				GCC_C_LANGUAGE_STANDARD = gnu99;
				GCC_DYNAMIC_NO_PIC = NO;
				GCC_NO_COMMON_BLOCKS = YES;
				GCC_OPTIMIZATION_LEVEL = 0;
				GCC_PREPROCESSOR_DEFINITIONS = (
					"DEBUG=1",
					"$(inherited)",
				);
				GCC_WARN_64_TO_32_BIT_CONVERSION = YES;
				GCC_WARN_ABOUT_RETURN_TYPE = YES_ERROR;
				GCC_WARN_UNDECLARED_SELECTOR = YES;
				GCC_WARN_UNINITIALIZED_AUTOS = YES_AGGRESSIVE;
				GCC_WARN_UNUSED_FUNCTION = YES;
				GCC_WARN_UNUSED_VARIABLE = YES;
				IPHONEOS_DEPLOYMENT_TARGET = 9.3;
				MTL_ENABLE_DEBUG_INFO = YES;
				ONLY_ACTIVE_ARCH = YES;
				SDKROOT = iphoneos;
				SWIFT_OPTIMIZATION_LEVEL = "-Onone";
				TARGETED_DEVICE_FAMILY = "1,2";
			};
			name = Debug;
		};
		235E62401D5AB6EA00E7B099 /* Release */ = {
			isa = XCBuildConfiguration;
			buildSettings = {
				ALWAYS_SEARCH_USER_PATHS = NO;
				CLANG_ANALYZER_NONNULL = YES;
				CLANG_CXX_LANGUAGE_STANDARD = "gnu++0x";
				CLANG_CXX_LIBRARY = "libc++";
				CLANG_ENABLE_MODULES = YES;
				CLANG_ENABLE_OBJC_ARC = YES;
				CLANG_WARN_BOOL_CONVERSION = YES;
				CLANG_WARN_CONSTANT_CONVERSION = YES;
				CLANG_WARN_DIRECT_OBJC_ISA_USAGE = YES_ERROR;
				CLANG_WARN_EMPTY_BODY = YES;
				CLANG_WARN_ENUM_CONVERSION = YES;
				CLANG_WARN_INT_CONVERSION = YES;
				CLANG_WARN_OBJC_ROOT_CLASS = YES_ERROR;
				CLANG_WARN_UNREACHABLE_CODE = YES;
				CLANG_WARN__DUPLICATE_METHOD_MATCH = YES;
				"CODE_SIGN_IDENTITY[sdk=iphoneos*]" = "iPhone Developer";
				COPY_PHASE_STRIP = NO;
				DEBUG_INFORMATION_FORMAT = "dwarf-with-dsym";
				ENABLE_NS_ASSERTIONS = NO;
				ENABLE_STRICT_OBJC_MSGSEND = YES;
				GCC_C_LANGUAGE_STANDARD = gnu99;
				GCC_NO_COMMON_BLOCKS = YES;
				GCC_WARN_64_TO_32_BIT_CONVERSION = YES;
				GCC_WARN_ABOUT_RETURN_TYPE = YES_ERROR;
				GCC_WARN_UNDECLARED_SELECTOR = YES;
				GCC_WARN_UNINITIALIZED_AUTOS = YES_AGGRESSIVE;
				GCC_WARN_UNUSED_FUNCTION = YES;
				GCC_WARN_UNUSED_VARIABLE = YES;
				IPHONEOS_DEPLOYMENT_TARGET = 9.3;
				MTL_ENABLE_DEBUG_INFO = NO;
				SDKROOT = iphoneos;
				TARGETED_DEVICE_FAMILY = "1,2";
				VALIDATE_PRODUCT = YES;
			};
			name = Release;
		};
		235E62421D5AB6EA00E7B099 /* Debug */ = {
			isa = XCBuildConfiguration;
			baseConfigurationReference = 2FFA7EAC8F4D9839194879D4 /* Pods-Kenko.debug.xcconfig */;
			buildSettings = {
				ASSETCATALOG_COMPILER_APPICON_NAME = AppIcon;
				ASSETCATALOG_COMPILER_LAUNCHIMAGE_NAME = "";
				CLANG_ENABLE_MODULES = YES;
				CODE_SIGN_IDENTITY = "iPhone Developer: CHUN I CHEN (C4B52A7U96)";
				"CODE_SIGN_IDENTITY[sdk=iphoneos*]" = "iPhone Developer: CHUN I CHEN (C4B52A7U96)";
				DEBUG_INFORMATION_FORMAT = "dwarf-with-dsym";
				EMBEDDED_CONTENT_CONTAINS_SWIFT = YES;
				ENABLE_BITCODE = NO;
				FRAMEWORK_SEARCH_PATHS = (
					"$(inherited)",
					"$(PROJECT_DIR)/FacebookSDKs",
				);
				INFOPLIST_FILE = Kenko/Info.plist;
				LD_RUNPATH_SEARCH_PATHS = "$(inherited) @executable_path/Frameworks";
				PRODUCT_BUNDLE_IDENTIFIER = tw.today.kenko;
				PRODUCT_NAME = "$(TARGET_NAME)";
				PROVISIONING_PROFILE = "c3dbf577-58b1-447e-a591-6488b3a5f766";
				SWIFT_OBJC_BRIDGING_HEADER = "Kenko/Kenko-Bridging-Header.h";
				SWIFT_OPTIMIZATION_LEVEL = "-Onone";
				TARGETED_DEVICE_FAMILY = 1;
			};
			name = Debug;
		};
		235E62431D5AB6EA00E7B099 /* Release */ = {
			isa = XCBuildConfiguration;
			baseConfigurationReference = B73B827873EDA04387571FA3 /* Pods-Kenko.release.xcconfig */;
			buildSettings = {
				ASSETCATALOG_COMPILER_APPICON_NAME = AppIcon;
				ASSETCATALOG_COMPILER_LAUNCHIMAGE_NAME = "";
				CLANG_ENABLE_MODULES = YES;
				CODE_SIGN_IDENTITY = "iPhone Distribution: CHUN I CHEN (8LJ7V3WEL3)";
				"CODE_SIGN_IDENTITY[sdk=iphoneos*]" = "iPhone Distribution: CHUN I CHEN (8LJ7V3WEL3)";
				EMBEDDED_CONTENT_CONTAINS_SWIFT = YES;
				ENABLE_BITCODE = NO;
				FRAMEWORK_SEARCH_PATHS = (
					"$(inherited)",
					"$(PROJECT_DIR)/FacebookSDKs",
				);
				INFOPLIST_FILE = Kenko/Info.plist;
				LD_RUNPATH_SEARCH_PATHS = "$(inherited) @executable_path/Frameworks";
				PRODUCT_BUNDLE_IDENTIFIER = tw.today.kenko;
				PRODUCT_NAME = "$(TARGET_NAME)";
				PROVISIONING_PROFILE = "c3dbf577-58b1-447e-a591-6488b3a5f766";
				SWIFT_OBJC_BRIDGING_HEADER = "Kenko/Kenko-Bridging-Header.h";
				TARGETED_DEVICE_FAMILY = 1;
			};
			name = Release;
		};
		235E62451D5AB6EA00E7B099 /* Debug */ = {
			isa = XCBuildConfiguration;
			baseConfigurationReference = 6C866CAD479AC0DA7E39649D /* Pods-KenkoTests.debug.xcconfig */;
			buildSettings = {
				BUNDLE_LOADER = "$(TEST_HOST)";
				CLANG_ENABLE_MODULES = YES;
				INFOPLIST_FILE = KenkoTests/Info.plist;
				LD_RUNPATH_SEARCH_PATHS = "$(inherited) @executable_path/Frameworks @loader_path/Frameworks";
				PRODUCT_BUNDLE_IDENTIFIER = com.ayi.KenkoTests;
				PRODUCT_NAME = "$(TARGET_NAME)";
				SWIFT_OBJC_BRIDGING_HEADER = "Kenko/KenkoTests-Bridging-Header.h";
				SWIFT_OPTIMIZATION_LEVEL = "-Onone";
				TEST_HOST = "$(BUILT_PRODUCTS_DIR)/Kenko.app/Kenko";
			};
			name = Debug;
		};
		235E62461D5AB6EA00E7B099 /* Release */ = {
			isa = XCBuildConfiguration;
			baseConfigurationReference = 33452B3E6F6E3EB493EE5ACE /* Pods-KenkoTests.release.xcconfig */;
			buildSettings = {
				BUNDLE_LOADER = "$(TEST_HOST)";
				CLANG_ENABLE_MODULES = YES;
				INFOPLIST_FILE = KenkoTests/Info.plist;
				LD_RUNPATH_SEARCH_PATHS = "$(inherited) @executable_path/Frameworks @loader_path/Frameworks";
				PRODUCT_BUNDLE_IDENTIFIER = com.ayi.KenkoTests;
				PRODUCT_NAME = "$(TARGET_NAME)";
				SWIFT_OBJC_BRIDGING_HEADER = "Kenko/KenkoTests-Bridging-Header.h";
				TEST_HOST = "$(BUILT_PRODUCTS_DIR)/Kenko.app/Kenko";
			};
			name = Release;
		};
		235E62481D5AB6EA00E7B099 /* Debug */ = {
			isa = XCBuildConfiguration;
			baseConfigurationReference = DD3FE81CEC837E94D5B5F570 /* Pods-KenkoUITests.debug.xcconfig */;
			buildSettings = {
				CLANG_ENABLE_MODULES = YES;
				INFOPLIST_FILE = KenkoUITests/Info.plist;
				LD_RUNPATH_SEARCH_PATHS = "$(inherited) @executable_path/Frameworks @loader_path/Frameworks";
				PRODUCT_BUNDLE_IDENTIFIER = com.ayi.KenkoUITests;
				PRODUCT_NAME = "$(TARGET_NAME)";
				SWIFT_OBJC_BRIDGING_HEADER = "Kenko/KenkoUITests-Bridging-Header.h";
				SWIFT_OPTIMIZATION_LEVEL = "-Onone";
				TEST_TARGET_NAME = Kenko;
			};
			name = Debug;
		};
		235E62491D5AB6EA00E7B099 /* Release */ = {
			isa = XCBuildConfiguration;
			baseConfigurationReference = D30F9BF621A52D1A586E1818 /* Pods-KenkoUITests.release.xcconfig */;
			buildSettings = {
				CLANG_ENABLE_MODULES = YES;
				INFOPLIST_FILE = KenkoUITests/Info.plist;
				LD_RUNPATH_SEARCH_PATHS = "$(inherited) @executable_path/Frameworks @loader_path/Frameworks";
				PRODUCT_BUNDLE_IDENTIFIER = com.ayi.KenkoUITests;
				PRODUCT_NAME = "$(TARGET_NAME)";
				SWIFT_OBJC_BRIDGING_HEADER = "Kenko/KenkoUITests-Bridging-Header.h";
				TEST_TARGET_NAME = Kenko;
			};
			name = Release;
		};
/* End XCBuildConfiguration section */

/* Begin XCConfigurationList section */
		230EB4651D8A72FD000A54A7 /* Build configuration list for PBXNativeTarget "TweenControllerTests" */ = {
			isa = XCConfigurationList;
			buildConfigurations = (
				230EB4661D8A72FD000A54A7 /* Debug */,
				230EB4671D8A72FD000A54A7 /* Release */,
			);
			defaultConfigurationIsVisible = 0;
			defaultConfigurationName = Release;
		};
		235E62141D5AB6EA00E7B099 /* Build configuration list for PBXProject "Kenko" */ = {
			isa = XCConfigurationList;
			buildConfigurations = (
				235E623F1D5AB6EA00E7B099 /* Debug */,
				235E62401D5AB6EA00E7B099 /* Release */,
			);
			defaultConfigurationIsVisible = 0;
			defaultConfigurationName = Release;
		};
		235E62411D5AB6EA00E7B099 /* Build configuration list for PBXNativeTarget "Kenko" */ = {
			isa = XCConfigurationList;
			buildConfigurations = (
				235E62421D5AB6EA00E7B099 /* Debug */,
				235E62431D5AB6EA00E7B099 /* Release */,
			);
			defaultConfigurationIsVisible = 0;
			defaultConfigurationName = Release;
		};
		235E62441D5AB6EA00E7B099 /* Build configuration list for PBXNativeTarget "KenkoTests" */ = {
			isa = XCConfigurationList;
			buildConfigurations = (
				235E62451D5AB6EA00E7B099 /* Debug */,
				235E62461D5AB6EA00E7B099 /* Release */,
			);
			defaultConfigurationIsVisible = 0;
			defaultConfigurationName = Release;
		};
		235E62471D5AB6EA00E7B099 /* Build configuration list for PBXNativeTarget "KenkoUITests" */ = {
			isa = XCConfigurationList;
			buildConfigurations = (
				235E62481D5AB6EA00E7B099 /* Debug */,
				235E62491D5AB6EA00E7B099 /* Release */,
			);
			defaultConfigurationIsVisible = 0;
			defaultConfigurationName = Release;
		};
/* End XCConfigurationList section */
	};
	rootObject = 235E62111D5AB6EA00E7B099 /* Project object */;
}
